// !$*UTF8*$!
{
	archiveVersion = 1;
	classes = {
	};
	objectVersion = 46;
	objects = {

/* Begin PBXBuildFile section */
		410A697F1AAF53FC000BD442 /* dataConvert.cpp in Sources */ = {isa = PBXBuildFile; fileRef = 410A697E1AAF53FC000BD442 /* dataConvert.cpp */; };
		4111E0821A8D4B19000D5B22 /* pickup.cpp in Sources */ = {isa = PBXBuildFile; fileRef = 4111E0801A8D4B19000D5B22 /* pickup.cpp */; };
		411358D21AB75FE200916706 /* inventoryMenu.cpp in Sources */ = {isa = PBXBuildFile; fileRef = 411358D01AB75FE200916706 /* inventoryMenu.cpp */; };
		413DD5BF1A89674B00767E49 /* actorObject.cpp in Sources */ = {isa = PBXBuildFile; fileRef = 413DD5BD1A89674B00767E49 /* actorObject.cpp */; };
		415A071F1AC9B81800D74D25 /* libogg.a in Frameworks */ = {isa = PBXBuildFile; fileRef = 415A07091AC9B5E700D74D25 /* libogg.a */; };
		415A07201AC9B81800D74D25 /* libvorbis.a in Frameworks */ = {isa = PBXBuildFile; fileRef = 415A07141AC9B5EF00D74D25 /* libvorbis.a */; };
		415A07211AC9B81800D74D25 /* libvorbisfile.a in Frameworks */ = {isa = PBXBuildFile; fileRef = 415A07181AC9B5EF00D74D25 /* libvorbisfile.a */; };
		4178638F1A8E6B2C00329895 /* mover.cpp in Sources */ = {isa = PBXBuildFile; fileRef = 4178638D1A8E6B2C00329895 /* mover.cpp */; };
		419342261A8BB38B002C7F8E /* gameSysObject.cpp in Sources */ = {isa = PBXBuildFile; fileRef = 419342251A8BB38B002C7F8E /* gameSysObject.cpp */; };
		419C3BB41A89100400C19D68 /* actionDef.cpp in Sources */ = {isa = PBXBuildFile; fileRef = 419C3BB21A89100400C19D68 /* actionDef.cpp */; };
		41A534511AC2092E00A666D5 /* menuPanel.cpp in Sources */ = {isa = PBXBuildFile; fileRef = 41A5344F1AC2092E00A666D5 /* menuPanel.cpp */; };
		41A9A1821ACD9EE2009B4ECF /* overWorld.cpp in Sources */ = {isa = PBXBuildFile; fileRef = 41A9A1801ACD9EE2009B4ECF /* overWorld.cpp */; };
		41A9A1971AD2E968009B4ECF /* travelObject.cpp in Sources */ = {isa = PBXBuildFile; fileRef = 41A9A1951AD2E968009B4ECF /* travelObject.cpp */; };
		41B3A5491A5DEE84006DCCB9 /* actions.cpp in Sources */ = {isa = PBXBuildFile; fileRef = 41B3A5471A5DEE84006DCCB9 /* actions.cpp */; };
		41B3A54C1A5DEEBC006DCCB9 /* console.cpp in Sources */ = {isa = PBXBuildFile; fileRef = 41B3A54A1A5DEEBC006DCCB9 /* console.cpp */; };
		41B5F0FE1A9BA76600698014 /* spring.cpp in Sources */ = {isa = PBXBuildFile; fileRef = 41B5F0FC1A9BA76600698014 /* spring.cpp */; };
		41B5F1881A9251C80016327B /* projectile.cpp in Sources */ = {isa = PBXBuildFile; fileRef = 41B5F1861A9251C80016327B /* projectile.cpp */; };
		41B5F1901A926BC00016327B /* hud.cpp in Sources */ = {isa = PBXBuildFile; fileRef = 41B5F18E1A926BC00016327B /* hud.cpp */; };
		41B776571A83E850008C8F23 /* scriptSystem.cpp in Sources */ = {isa = PBXBuildFile; fileRef = 41B776551A83E850008C8F23 /* scriptSystem.cpp */; };
		41B776581A83E8D3008C8F23 /* libangelscript.a in Frameworks */ = {isa = PBXBuildFile; fileRef = 41B7764D1A83E81C008C8F23 /* libangelscript.a */; };
		41B7765C1A83EA5E008C8F23 /* systemObject.cpp in Sources */ = {isa = PBXBuildFile; fileRef = 41B7765A1A83EA5E008C8F23 /* systemObject.cpp */; };
		41B7765F1A83EB0A008C8F23 /* refObject.cpp in Sources */ = {isa = PBXBuildFile; fileRef = 41B7765D1A83EB0A008C8F23 /* refObject.cpp */; };
		41B776621A83EB74008C8F23 /* stringObject.cpp in Sources */ = {isa = PBXBuildFile; fileRef = 41B776601A83EB74008C8F23 /* stringObject.cpp */; };
		41B776691A83EF3D008C8F23 /* mathObject.cpp in Sources */ = {isa = PBXBuildFile; fileRef = 41B776631A83EF3D008C8F23 /* mathObject.cpp */; };
		41B817371A6D6EF500151622 /* sprite.cpp in Sources */ = {isa = PBXBuildFile; fileRef = 41B817331A6D6EF500151622 /* sprite.cpp */; };
		41B817381A6D6EF500151622 /* spriteAnim.cpp in Sources */ = {isa = PBXBuildFile; fileRef = 41B817351A6D6EF500151622 /* spriteAnim.cpp */; };
		41B8F3E51A72FEE10014CDAB /* mapEditor.cpp in Sources */ = {isa = PBXBuildFile; fileRef = 41B8F3E31A72FEE10014CDAB /* mapEditor.cpp */; };
		41B96A9F1A697996004397E6 /* spriteMake.cpp in Sources */ = {isa = PBXBuildFile; fileRef = 41B96A9D1A697996004397E6 /* spriteMake.cpp */; };
		41BAB9121A5EF32100DD0D11 /* actor.cpp in Sources */ = {isa = PBXBuildFile; fileRef = 41BAB90E1A5EF32100DD0D11 /* actor.cpp */; };
		41BAB9131A5EF32100DD0D11 /* playLoop.cpp in Sources */ = {isa = PBXBuildFile; fileRef = 41BAB9101A5EF32100DD0D11 /* playLoop.cpp */; };
		41BB267F1A547A9A00311383 /* OpenAL.framework in Frameworks */ = {isa = PBXBuildFile; fileRef = 41BB267E1A547A9A00311383 /* OpenAL.framework */; };
		41BCC0621A6EBACB00F8B3FA /* pWeapon.cpp in Sources */ = {isa = PBXBuildFile; fileRef = 41BCC0601A6EBACB00F8B3FA /* pWeapon.cpp */; };
		41BCC06C1A6ECCB800F8B3FA /* renderScene.cpp in Sources */ = {isa = PBXBuildFile; fileRef = 41BCC06A1A6ECCB800F8B3FA /* renderScene.cpp */; };
		41BE76CD1A851A4700DD893E /* defs.cpp in Sources */ = {isa = PBXBuildFile; fileRef = 41BE76CB1A851A4700DD893E /* defs.cpp */; };
		41C181AF1AA4E4390088C7E2 /* session.cpp in Sources */ = {isa = PBXBuildFile; fileRef = 41C181AD1AA4E4390088C7E2 /* session.cpp */; };
		41C7FC201A5AFB6E003864CB /* binFile.cpp in Sources */ = {isa = PBXBuildFile; fileRef = 41C7FC091A5AFB6E003864CB /* binFile.cpp */; };
		41C7FC211A5AFB6E003864CB /* cmd.cpp in Sources */ = {isa = PBXBuildFile; fileRef = 41C7FC0B1A5AFB6E003864CB /* cmd.cpp */; };
		41C7FC221A5AFB6E003864CB /* cvar.cpp in Sources */ = {isa = PBXBuildFile; fileRef = 41C7FC0D1A5AFB6E003864CB /* cvar.cpp */; };
		41C7FC231A5AFB6E003864CB /* dict.cpp in Sources */ = {isa = PBXBuildFile; fileRef = 41C7FC0F1A5AFB6E003864CB /* dict.cpp */; };
		41C7FC241A5AFB6E003864CB /* kpf.cpp in Sources */ = {isa = PBXBuildFile; fileRef = 41C7FC121A5AFB6E003864CB /* kpf.cpp */; };
		41C7FC251A5AFB6E003864CB /* kstring.cpp in Sources */ = {isa = PBXBuildFile; fileRef = 41C7FC141A5AFB6E003864CB /* kstring.cpp */; };
		41C7FC261A5AFB6E003864CB /* memHeap.cpp in Sources */ = {isa = PBXBuildFile; fileRef = 41C7FC171A5AFB6E003864CB /* memHeap.cpp */; };
		41C7FC271A5AFB6E003864CB /* object.cpp in Sources */ = {isa = PBXBuildFile; fileRef = 41C7FC191A5AFB6E003864CB /* object.cpp */; };
		41C7FC281A5AFB6E003864CB /* parser.cpp in Sources */ = {isa = PBXBuildFile; fileRef = 41C7FC1B1A5AFB6E003864CB /* parser.cpp */; };
		41C7FC291A5AFB6E003864CB /* unzip.cpp in Sources */ = {isa = PBXBuildFile; fileRef = 41C7FC1E1A5AFB6E003864CB /* unzip.cpp */; };
		41C7FC421A5AFB84003864CB /* game.cpp in Sources */ = {isa = PBXBuildFile; fileRef = 41C7FC2E1A5AFB84003864CB /* game.cpp */; };
		41C7FC431A5AFB84003864CB /* gameObject.cpp in Sources */ = {isa = PBXBuildFile; fileRef = 41C7FC301A5AFB84003864CB /* gameObject.cpp */; };
		41C7FC441A5AFB84003864CB /* localization.cpp in Sources */ = {isa = PBXBuildFile; fileRef = 41C7FC321A5AFB84003864CB /* localization.cpp */; };
		41C7FC451A5AFB84003864CB /* menu.cpp in Sources */ = {isa = PBXBuildFile; fileRef = 41C7FC341A5AFB84003864CB /* menu.cpp */; };
		41C7FC461A5AFB84003864CB /* player.cpp in Sources */ = {isa = PBXBuildFile; fileRef = 41C7FC361A5AFB84003864CB /* player.cpp */; };
		41C7FC471A5AFB84003864CB /* playerCmd.cpp in Sources */ = {isa = PBXBuildFile; fileRef = 41C7FC381A5AFB84003864CB /* playerCmd.cpp */; };
		41C7FC491A5AFB84003864CB /* titlescreen.cpp in Sources */ = {isa = PBXBuildFile; fileRef = 41C7FC3C1A5AFB84003864CB /* titlescreen.cpp */; };
		41C7FC4A1A5AFB84003864CB /* world.cpp in Sources */ = {isa = PBXBuildFile; fileRef = 41C7FC3E1A5AFB84003864CB /* world.cpp */; };
		41C7FC641A5AFB98003864CB /* cpuVertexList.cpp in Sources */ = {isa = PBXBuildFile; fileRef = 41C7FC4B1A5AFB98003864CB /* cpuVertexList.cpp */; };
		41C7FC651A5AFB98003864CB /* drawLists.cpp in Sources */ = {isa = PBXBuildFile; fileRef = 41C7FC4D1A5AFB98003864CB /* drawLists.cpp */; };
		41C7FC661A5AFB98003864CB /* fbo.cpp in Sources */ = {isa = PBXBuildFile; fileRef = 41C7FC4F1A5AFB98003864CB /* fbo.cpp */; };
		41C7FC681A5AFB98003864CB /* image.cpp in Sources */ = {isa = PBXBuildFile; fileRef = 41C7FC531A5AFB98003864CB /* image.cpp */; };
		41C7FC691A5AFB98003864CB /* renderBackend.cpp in Sources */ = {isa = PBXBuildFile; fileRef = 41C7FC551A5AFB98003864CB /* renderBackend.cpp */; };
		41C7FC6A1A5AFB98003864CB /* renderFont.cpp in Sources */ = {isa = PBXBuildFile; fileRef = 41C7FC571A5AFB98003864CB /* renderFont.cpp */; };
		41C7FC6B1A5AFB98003864CB /* renderScreen.cpp in Sources */ = {isa = PBXBuildFile; fileRef = 41C7FC5A1A5AFB98003864CB /* renderScreen.cpp */; };
		41C7FC6C1A5AFB98003864CB /* renderUtils.cpp in Sources */ = {isa = PBXBuildFile; fileRef = 41C7FC5C1A5AFB98003864CB /* renderUtils.cpp */; };
		41C7FC6D1A5AFB98003864CB /* renderView.cpp in Sources */ = {isa = PBXBuildFile; fileRef = 41C7FC5E1A5AFB98003864CB /* renderView.cpp */; };
		41C7FC6E1A5AFB98003864CB /* textureManager.cpp in Sources */ = {isa = PBXBuildFile; fileRef = 41C7FC601A5AFB98003864CB /* textureManager.cpp */; };
		41C7FC6F1A5AFB98003864CB /* textureObject.cpp in Sources */ = {isa = PBXBuildFile; fileRef = 41C7FC621A5AFB98003864CB /* textureObject.cpp */; };
		41C7FC7C1A5AFBAB003864CB /* endian.cpp in Sources */ = {isa = PBXBuildFile; fileRef = 41C7FC701A5AFBAB003864CB /* endian.cpp */; };
		41C7FC7D1A5AFBAB003864CB /* input.cpp in Sources */ = {isa = PBXBuildFile; fileRef = 41C7FC721A5AFBAB003864CB /* input.cpp */; };
		41C7FC7E1A5AFBAB003864CB /* sound.cpp in Sources */ = {isa = PBXBuildFile; fileRef = 41C7FC761A5AFBAB003864CB /* sound.cpp */; };
		41C7FC7F1A5AFBAB003864CB /* system.cpp in Sources */ = {isa = PBXBuildFile; fileRef = 41C7FC781A5AFBAB003864CB /* system.cpp */; };
		41C7FC801A5AFBAB003864CB /* timer.cpp in Sources */ = {isa = PBXBuildFile; fileRef = 41C7FC7A1A5AFBAB003864CB /* timer.cpp */; };
		41C7FC831A5AFBC0003864CB /* soundOAL.cpp in Sources */ = {isa = PBXBuildFile; fileRef = 41C7FC821A5AFBC0003864CB /* soundOAL.cpp */; };
		41C979F91A642CCA00E9C798 /* cmodel.cpp in Sources */ = {isa = PBXBuildFile; fileRef = 41C979F71A642CCA00E9C798 /* cmodel.cpp */; };
		41D3D5111A95053C000E7FD6 /* ai.cpp in Sources */ = {isa = PBXBuildFile; fileRef = 41D3D50F1A95053C000E7FD6 /* ai.cpp */; };
		41DA07411A51FD8900562B25 /* endianSDL.cpp in Sources */ = {isa = PBXBuildFile; fileRef = 41DA07401A51FD8900562B25 /* endianSDL.cpp */; };
		41DA07431A51FDE000562B25 /* timerSDL.cpp in Sources */ = {isa = PBXBuildFile; fileRef = 41DA07421A51FDE000562B25 /* timerSDL.cpp */; };
		41DA07451A51FEFC00562B25 /* systemSDL.cpp in Sources */ = {isa = PBXBuildFile; fileRef = 41DA07441A51FEFC00562B25 /* systemSDL.cpp */; };
		41DA07471A52014400562B25 /* inputSDL.cpp in Sources */ = {isa = PBXBuildFile; fileRef = 41DA07461A52014400562B25 /* inputSDL.cpp */; };
		41E2CDFD1A51CF2000FC28DC /* Cocoa.framework in Frameworks */ = {isa = PBXBuildFile; fileRef = 41E2CDFC1A51CF2000FC28DC /* Cocoa.framework */; };
		41E2CE071A51CF2000FC28DC /* InfoPlist.strings in Resources */ = {isa = PBXBuildFile; fileRef = 41E2CE051A51CF2000FC28DC /* InfoPlist.strings */; };
		41E2CE0D1A51CF2000FC28DC /* Credits.rtf in Resources */ = {isa = PBXBuildFile; fileRef = 41E2CE0B1A51CF2000FC28DC /* Credits.rtf */; };
		41E2CE151A51CF2000FC28DC /* Images.xcassets in Resources */ = {isa = PBXBuildFile; fileRef = 41E2CE141A51CF2000FC28DC /* Images.xcassets */; };
		41E2CE371A51D1EE00FC28DC /* SDL2.framework in Frameworks */ = {isa = PBXBuildFile; fileRef = 41E2CE351A51D1EE00FC28DC /* SDL2.framework */; };
		41E2CE7F1A51D39B00FC28DC /* angle.cpp in Sources */ = {isa = PBXBuildFile; fileRef = 41E2CE591A51D39B00FC28DC /* angle.cpp */; };
		41E2CE801A51D39B00FC28DC /* bounds.cpp in Sources */ = {isa = PBXBuildFile; fileRef = 41E2CE5A1A51D39B00FC28DC /* bounds.cpp */; };
		41E2CE811A51D39B00FC28DC /* mathlib.cpp in Sources */ = {isa = PBXBuildFile; fileRef = 41E2CE5B1A51D39B00FC28DC /* mathlib.cpp */; };
		41E2CE821A51D39B00FC28DC /* matrix.cpp in Sources */ = {isa = PBXBuildFile; fileRef = 41E2CE5D1A51D39B00FC28DC /* matrix.cpp */; };
		41E2CE831A51D39B00FC28DC /* plane.cpp in Sources */ = {isa = PBXBuildFile; fileRef = 41E2CE5E1A51D39B00FC28DC /* plane.cpp */; };
		41E2CE841A51D39B00FC28DC /* pluecker.cpp in Sources */ = {isa = PBXBuildFile; fileRef = 41E2CE5F1A51D39B00FC28DC /* pluecker.cpp */; };
		41E2CE851A51D39B00FC28DC /* quaternion.cpp in Sources */ = {isa = PBXBuildFile; fileRef = 41E2CE601A51D39B00FC28DC /* quaternion.cpp */; };
		41E2CE861A51D39B00FC28DC /* random.cpp in Sources */ = {isa = PBXBuildFile; fileRef = 41E2CE611A51D39B00FC28DC /* random.cpp */; };
		41E2CE871A51D39B00FC28DC /* vector.cpp in Sources */ = {isa = PBXBuildFile; fileRef = 41E2CE621A51D39B00FC28DC /* vector.cpp */; };
		41E2CE881A51D39B00FC28DC /* glcontext.cpp in Sources */ = {isa = PBXBuildFile; fileRef = 41E2CE651A51D39B00FC28DC /* glcontext.cpp */; };
		41E2CE8D1A51D39B00FC28DC /* main.cpp in Sources */ = {isa = PBXBuildFile; fileRef = 41E2CE711A51D39B00FC28DC /* main.cpp */; };
		41E2CE9D1A51D40700FC28DC /* libz.dylib in Frameworks */ = {isa = PBXBuildFile; fileRef = 41E2CE9C1A51D40700FC28DC /* libz.dylib */; };
		41E2CE9F1A51D57700FC28DC /* OpenGL.framework in Frameworks */ = {isa = PBXBuildFile; fileRef = 41E2CE9E1A51D57700FC28DC /* OpenGL.framework */; };
		41E2CEA11A51D5CC00FC28DC /* libpng.a in Frameworks */ = {isa = PBXBuildFile; fileRef = 41E2CE971A51D3E300FC28DC /* libpng.a */; };
		41E2CEA31A51D68C00FC28DC /* SDL2.framework in CopyFiles */ = {isa = PBXBuildFile; fileRef = 41E2CE351A51D1EE00FC28DC /* SDL2.framework */; };
		41E9B2EE1AB1F45000ECA62E /* actorFactory.cpp in Sources */ = {isa = PBXBuildFile; fileRef = 41E9B2EC1AB1F45000ECA62E /* actorFactory.cpp */; };
/* End PBXBuildFile section */

/* Begin PBXContainerItemProxy section */
		415A07061AC9B5E700D74D25 /* PBXContainerItemProxy */ = {
			isa = PBXContainerItemProxy;
			containerPortal = 415A06FE1AC9B5E700D74D25 /* Ogg.xcodeproj */;
			proxyType = 2;
			remoteGlobalIDString = 8D07F2C80486CC7A007CD1D0;
			remoteInfo = Ogg;
		};
		415A07081AC9B5E700D74D25 /* PBXContainerItemProxy */ = {
			isa = PBXContainerItemProxy;
			containerPortal = 415A06FE1AC9B5E700D74D25 /* Ogg.xcodeproj */;
			proxyType = 2;
			remoteGlobalIDString = 734FB2E50B18B33E00D561D7;
			remoteInfo = "libogg (static)";
		};
		415A07111AC9B5EF00D74D25 /* PBXContainerItemProxy */ = {
			isa = PBXContainerItemProxy;
			containerPortal = 415A070A1AC9B5EF00D74D25 /* Vorbis.xcodeproj */;
			proxyType = 2;
			remoteGlobalIDString = 730F23F1091827B100AB638C;
			remoteInfo = Vorbis;
		};
		415A07131AC9B5EF00D74D25 /* PBXContainerItemProxy */ = {
			isa = PBXContainerItemProxy;
			containerPortal = 415A070A1AC9B5EF00D74D25 /* Vorbis.xcodeproj */;
			proxyType = 2;
			remoteGlobalIDString = 738835E40B18F870005C7A69;
			remoteInfo = "libvorbis (static)";
		};
		415A07151AC9B5EF00D74D25 /* PBXContainerItemProxy */ = {
			isa = PBXContainerItemProxy;
			containerPortal = 415A070A1AC9B5EF00D74D25 /* Vorbis.xcodeproj */;
			proxyType = 2;
			remoteGlobalIDString = 738836130B190488005C7A69;
			remoteInfo = "libvorbisenc (static)";
		};
		415A07171AC9B5EF00D74D25 /* PBXContainerItemProxy */ = {
			isa = PBXContainerItemProxy;
			containerPortal = 415A070A1AC9B5EF00D74D25 /* Vorbis.xcodeproj */;
			proxyType = 2;
			remoteGlobalIDString = 738836220B1905E5005C7A69;
			remoteInfo = "libvorbisfile (static)";
		};
		415A07191AC9B5FC00D74D25 /* PBXContainerItemProxy */ = {
			isa = PBXContainerItemProxy;
			containerPortal = 415A06FE1AC9B5E700D74D25 /* Ogg.xcodeproj */;
			proxyType = 1;
			remoteGlobalIDString = 734FB2E40B18B33E00D561D7;
			remoteInfo = "libogg (static)";
		};
		415A071B1AC9B60100D74D25 /* PBXContainerItemProxy */ = {
			isa = PBXContainerItemProxy;
			containerPortal = 415A070A1AC9B5EF00D74D25 /* Vorbis.xcodeproj */;
			proxyType = 1;
			remoteGlobalIDString = 738835E30B18F870005C7A69;
			remoteInfo = "libvorbis (static)";
		};
		415A071D1AC9B60400D74D25 /* PBXContainerItemProxy */ = {
			isa = PBXContainerItemProxy;
			containerPortal = 415A070A1AC9B5EF00D74D25 /* Vorbis.xcodeproj */;
			proxyType = 1;
			remoteGlobalIDString = 738836210B1905E5005C7A69;
			remoteInfo = "libvorbisfile (static)";
		};
		41B7764C1A83E81C008C8F23 /* PBXContainerItemProxy */ = {
			isa = PBXContainerItemProxy;
			containerPortal = 41B776471A83E81C008C8F23 /* angelscript.xcodeproj */;
			proxyType = 2;
			remoteGlobalIDString = D2AAC07E0554694100DB518D;
			remoteInfo = "angelscript OSX";
		};
		41B7764E1A83E81C008C8F23 /* PBXContainerItemProxy */ = {
			isa = PBXContainerItemProxy;
			containerPortal = 41B776471A83E81C008C8F23 /* angelscript.xcodeproj */;
			proxyType = 2;
			remoteGlobalIDString = 6E91FFE31823DA0D00D59009;
			remoteInfo = "angelscript iOS";
		};
		41B776521A83E828008C8F23 /* PBXContainerItemProxy */ = {
			isa = PBXContainerItemProxy;
			containerPortal = 41B776471A83E81C008C8F23 /* angelscript.xcodeproj */;
			proxyType = 1;
			remoteGlobalIDString = D2AAC07D0554694100DB518D;
			remoteInfo = "angelscript OSX";
		};
		41E2CE941A51D3E300FC28DC /* PBXContainerItemProxy */ = {
			isa = PBXContainerItemProxy;
			containerPortal = 41E2CE8E1A51D3E300FC28DC /* libpng.xcodeproj */;
			proxyType = 2;
			remoteGlobalIDString = 8D07F2C80486CC7A007CD1D0;
			remoteInfo = "mac-libpng";
		};
		41E2CE961A51D3E300FC28DC /* PBXContainerItemProxy */ = {
			isa = PBXContainerItemProxy;
			containerPortal = 41E2CE8E1A51D3E300FC28DC /* libpng.xcodeproj */;
			proxyType = 2;
			remoteGlobalIDString = A55DFB7815EBB44B007CCF00;
			remoteInfo = "mac-static-libpng";
		};
		41E2CE981A51D3E300FC28DC /* PBXContainerItemProxy */ = {
			isa = PBXContainerItemProxy;
			containerPortal = 41E2CE8E1A51D3E300FC28DC /* libpng.xcodeproj */;
			proxyType = 2;
			remoteGlobalIDString = A5A58CFD17CF7FBE00B64330;
			remoteInfo = "ios-static-libpng";
		};
		41E2CE9A1A51D3FB00FC28DC /* PBXContainerItemProxy */ = {
			isa = PBXContainerItemProxy;
			containerPortal = 41E2CE8E1A51D3E300FC28DC /* libpng.xcodeproj */;
			proxyType = 1;
			remoteGlobalIDString = A55DFB7715EBB44B007CCF00;
			remoteInfo = "mac-static-libpng";
		};
/* End PBXContainerItemProxy section */

/* Begin PBXCopyFilesBuildPhase section */
		41E2CEA21A51D67800FC28DC /* CopyFiles */ = {
			isa = PBXCopyFilesBuildPhase;
			buildActionMask = 2147483647;
			dstPath = "";
			dstSubfolderSpec = 10;
			files = (
				41E2CEA31A51D68C00FC28DC /* SDL2.framework in CopyFiles */,
			);
			runOnlyForDeploymentPostprocessing = 0;
		};
/* End PBXCopyFilesBuildPhase section */

/* Begin PBXFileReference section */
		410A697E1AAF53FC000BD442 /* dataConvert.cpp */ = {isa = PBXFileReference; fileEncoding = 4; lastKnownFileType = sourcecode.cpp.cpp; name = dataConvert.cpp; path = ../../source/tools/dataConvert.cpp; sourceTree = "<group>"; };
		4111E0801A8D4B19000D5B22 /* pickup.cpp */ = {isa = PBXFileReference; fileEncoding = 4; lastKnownFileType = sourcecode.cpp.cpp; name = pickup.cpp; path = ../../source/game/pickup.cpp; sourceTree = "<group>"; };
		4111E0811A8D4B19000D5B22 /* pickup.h */ = {isa = PBXFileReference; fileEncoding = 4; lastKnownFileType = sourcecode.c.h; name = pickup.h; path = ../../source/game/pickup.h; sourceTree = "<group>"; };
		411358D01AB75FE200916706 /* inventoryMenu.cpp */ = {isa = PBXFileReference; fileEncoding = 4; lastKnownFileType = sourcecode.cpp.cpp; name = inventoryMenu.cpp; path = ../../source/game/inventoryMenu.cpp; sourceTree = "<group>"; };
		411358D11AB75FE200916706 /* inventoryMenu.h */ = {isa = PBXFileReference; fileEncoding = 4; lastKnownFileType = sourcecode.c.h; name = inventoryMenu.h; path = ../../source/game/inventoryMenu.h; sourceTree = "<group>"; };
		413DD5BD1A89674B00767E49 /* actorObject.cpp */ = {isa = PBXFileReference; fileEncoding = 4; lastKnownFileType = sourcecode.cpp.cpp; name = actorObject.cpp; path = ../../source/script/objects/actorObject.cpp; sourceTree = "<group>"; };
		413DD5BE1A89674B00767E49 /* actorObject.h */ = {isa = PBXFileReference; fileEncoding = 4; lastKnownFileType = sourcecode.c.h; name = actorObject.h; path = ../../source/script/objects/actorObject.h; sourceTree = "<group>"; };
		41573F331AC07ECB0007662B /* joystick.h */ = {isa = PBXFileReference; fileEncoding = 4; lastKnownFileType = sourcecode.c.h; name = joystick.h; path = ../../source/system/joystick.h; sourceTree = "<group>"; };
		415A06FE1AC9B5E700D74D25 /* Ogg.xcodeproj */ = {isa = PBXFileReference; lastKnownFileType = "wrapper.pb-project"; name = Ogg.xcodeproj; path = ../ogg/libogg/macosx/Ogg.xcodeproj; sourceTree = "<group>"; };
		415A070A1AC9B5EF00D74D25 /* Vorbis.xcodeproj */ = {isa = PBXFileReference; lastKnownFileType = "wrapper.pb-project"; name = Vorbis.xcodeproj; path = ../ogg/libvorbis/macosx/Vorbis.xcodeproj; sourceTree = "<group>"; };
		4178638D1A8E6B2C00329895 /* mover.cpp */ = {isa = PBXFileReference; fileEncoding = 4; lastKnownFileType = sourcecode.cpp.cpp; name = mover.cpp; path = ../../source/game/mover.cpp; sourceTree = "<group>"; };
		4178638E1A8E6B2C00329895 /* mover.h */ = {isa = PBXFileReference; fileEncoding = 4; lastKnownFileType = sourcecode.c.h; name = mover.h; path = ../../source/game/mover.h; sourceTree = "<group>"; };
		419342241A8BB38B002C7F8E /* gameSysObject.h */ = {isa = PBXFileReference; fileEncoding = 4; lastKnownFileType = sourcecode.c.h; name = gameSysObject.h; path = ../../source/script/objects/gameSysObject.h; sourceTree = "<group>"; };
		419342251A8BB38B002C7F8E /* gameSysObject.cpp */ = {isa = PBXFileReference; fileEncoding = 4; lastKnownFileType = sourcecode.cpp.cpp; name = gameSysObject.cpp; path = ../../source/script/objects/gameSysObject.cpp; sourceTree = "<group>"; };
		419C3BB21A89100400C19D68 /* actionDef.cpp */ = {isa = PBXFileReference; fileEncoding = 4; lastKnownFileType = sourcecode.cpp.cpp; name = actionDef.cpp; path = ../../source/game/actionDef.cpp; sourceTree = "<group>"; };
		419C3BB31A89100400C19D68 /* actionDef.h */ = {isa = PBXFileReference; fileEncoding = 4; lastKnownFileType = sourcecode.c.h; name = actionDef.h; path = ../../source/game/actionDef.h; sourceTree = "<group>"; };
		41A5344F1AC2092E00A666D5 /* menuPanel.cpp */ = {isa = PBXFileReference; fileEncoding = 4; lastKnownFileType = sourcecode.cpp.cpp; name = menuPanel.cpp; path = ../../source/game/menuPanel.cpp; sourceTree = "<group>"; };
		41A534501AC2092E00A666D5 /* menuPanel.h */ = {isa = PBXFileReference; fileEncoding = 4; lastKnownFileType = sourcecode.c.h; name = menuPanel.h; path = ../../source/game/menuPanel.h; sourceTree = "<group>"; };
		41A9A1801ACD9EE2009B4ECF /* overWorld.cpp */ = {isa = PBXFileReference; fileEncoding = 4; lastKnownFileType = sourcecode.cpp.cpp; name = overWorld.cpp; path = ../../source/game/overWorld.cpp; sourceTree = "<group>"; };
		41A9A1811ACD9EE2009B4ECF /* overWorld.h */ = {isa = PBXFileReference; fileEncoding = 4; lastKnownFileType = sourcecode.c.h; name = overWorld.h; path = ../../source/game/overWorld.h; sourceTree = "<group>"; };
		41A9A1951AD2E968009B4ECF /* travelObject.cpp */ = {isa = PBXFileReference; fileEncoding = 4; lastKnownFileType = sourcecode.cpp.cpp; name = travelObject.cpp; path = ../../source/game/travelObject.cpp; sourceTree = "<group>"; };
		41A9A1961AD2E968009B4ECF /* travelObject.h */ = {isa = PBXFileReference; fileEncoding = 4; lastKnownFileType = sourcecode.c.h; name = travelObject.h; path = ../../source/game/travelObject.h; sourceTree = "<group>"; };
		41B3A5471A5DEE84006DCCB9 /* actions.cpp */ = {isa = PBXFileReference; fileEncoding = 4; lastKnownFileType = sourcecode.cpp.cpp; path = actions.cpp; sourceTree = "<group>"; };
		41B3A5481A5DEE84006DCCB9 /* actions.h */ = {isa = PBXFileReference; fileEncoding = 4; lastKnownFileType = sourcecode.c.h; path = actions.h; sourceTree = "<group>"; };
		41B3A54A1A5DEEBC006DCCB9 /* console.cpp */ = {isa = PBXFileReference; fileEncoding = 4; lastKnownFileType = sourcecode.cpp.cpp; path = console.cpp; sourceTree = "<group>"; };
		41B3A54B1A5DEEBC006DCCB9 /* console.h */ = {isa = PBXFileReference; fileEncoding = 4; lastKnownFileType = sourcecode.c.h; path = console.h; sourceTree = "<group>"; };
		41B5F0FC1A9BA76600698014 /* spring.cpp */ = {isa = PBXFileReference; fileEncoding = 4; lastKnownFileType = sourcecode.cpp.cpp; name = spring.cpp; path = ../../source/game/spring.cpp; sourceTree = "<group>"; };
		41B5F0FD1A9BA76600698014 /* spring.h */ = {isa = PBXFileReference; fileEncoding = 4; lastKnownFileType = sourcecode.c.h; name = spring.h; path = ../../source/game/spring.h; sourceTree = "<group>"; };
		41B5F1861A9251C80016327B /* projectile.cpp */ = {isa = PBXFileReference; fileEncoding = 4; lastKnownFileType = sourcecode.cpp.cpp; name = projectile.cpp; path = ../../source/game/projectile.cpp; sourceTree = "<group>"; };
		41B5F1871A9251C80016327B /* projectile.h */ = {isa = PBXFileReference; fileEncoding = 4; lastKnownFileType = sourcecode.c.h; name = projectile.h; path = ../../source/game/projectile.h; sourceTree = "<group>"; };
		41B5F18E1A926BC00016327B /* hud.cpp */ = {isa = PBXFileReference; fileEncoding = 4; lastKnownFileType = sourcecode.cpp.cpp; name = hud.cpp; path = ../../source/game/hud.cpp; sourceTree = "<group>"; };
		41B5F18F1A926BC00016327B /* hud.h */ = {isa = PBXFileReference; fileEncoding = 4; lastKnownFileType = sourcecode.c.h; name = hud.h; path = ../../source/game/hud.h; sourceTree = "<group>"; };
		41B776471A83E81C008C8F23 /* angelscript.xcodeproj */ = {isa = PBXFileReference; lastKnownFileType = "wrapper.pb-project"; name = angelscript.xcodeproj; path = ../angelscript/angelscript/projects/xcode/angelscript.xcodeproj; sourceTree = "<group>"; };
		41B776551A83E850008C8F23 /* scriptSystem.cpp */ = {isa = PBXFileReference; fileEncoding = 4; lastKnownFileType = sourcecode.cpp.cpp; name = scriptSystem.cpp; path = ../../source/script/scriptSystem.cpp; sourceTree = "<group>"; };
		41B776561A83E850008C8F23 /* scriptSystem.h */ = {isa = PBXFileReference; fileEncoding = 4; lastKnownFileType = sourcecode.c.h; name = scriptSystem.h; path = ../../source/script/scriptSystem.h; sourceTree = "<group>"; };
		41B7765A1A83EA5E008C8F23 /* systemObject.cpp */ = {isa = PBXFileReference; fileEncoding = 4; lastKnownFileType = sourcecode.cpp.cpp; name = systemObject.cpp; path = ../../source/script/objects/systemObject.cpp; sourceTree = "<group>"; };
		41B7765B1A83EA5E008C8F23 /* systemObject.h */ = {isa = PBXFileReference; fileEncoding = 4; lastKnownFileType = sourcecode.c.h; name = systemObject.h; path = ../../source/script/objects/systemObject.h; sourceTree = "<group>"; };
		41B7765D1A83EB0A008C8F23 /* refObject.cpp */ = {isa = PBXFileReference; fileEncoding = 4; lastKnownFileType = sourcecode.cpp.cpp; name = refObject.cpp; path = ../../source/script/objects/refObject.cpp; sourceTree = "<group>"; };
		41B7765E1A83EB0A008C8F23 /* refObject.h */ = {isa = PBXFileReference; fileEncoding = 4; lastKnownFileType = sourcecode.c.h; name = refObject.h; path = ../../source/script/objects/refObject.h; sourceTree = "<group>"; };
		41B776601A83EB74008C8F23 /* stringObject.cpp */ = {isa = PBXFileReference; fileEncoding = 4; lastKnownFileType = sourcecode.cpp.cpp; name = stringObject.cpp; path = ../../source/script/objects/stringObject.cpp; sourceTree = "<group>"; };
		41B776611A83EB74008C8F23 /* stringObject.h */ = {isa = PBXFileReference; fileEncoding = 4; lastKnownFileType = sourcecode.c.h; name = stringObject.h; path = ../../source/script/objects/stringObject.h; sourceTree = "<group>"; };
		41B776631A83EF3D008C8F23 /* mathObject.cpp */ = {isa = PBXFileReference; fileEncoding = 4; lastKnownFileType = sourcecode.cpp.cpp; name = mathObject.cpp; path = ../../source/script/objects/mathObject.cpp; sourceTree = "<group>"; };
		41B776641A83EF3D008C8F23 /* mathObject.h */ = {isa = PBXFileReference; fileEncoding = 4; lastKnownFileType = sourcecode.c.h; name = mathObject.h; path = ../../source/script/objects/mathObject.h; sourceTree = "<group>"; };
		41B817331A6D6EF500151622 /* sprite.cpp */ = {isa = PBXFileReference; fileEncoding = 4; lastKnownFileType = sourcecode.cpp.cpp; name = sprite.cpp; path = ../../source/game/sprite.cpp; sourceTree = "<group>"; };
		41B817341A6D6EF500151622 /* sprite.h */ = {isa = PBXFileReference; fileEncoding = 4; lastKnownFileType = sourcecode.c.h; name = sprite.h; path = ../../source/game/sprite.h; sourceTree = "<group>"; };
		41B817351A6D6EF500151622 /* spriteAnim.cpp */ = {isa = PBXFileReference; fileEncoding = 4; lastKnownFileType = sourcecode.cpp.cpp; name = spriteAnim.cpp; path = ../../source/game/spriteAnim.cpp; sourceTree = "<group>"; };
		41B817361A6D6EF500151622 /* spriteAnim.h */ = {isa = PBXFileReference; fileEncoding = 4; lastKnownFileType = sourcecode.c.h; name = spriteAnim.h; path = ../../source/game/spriteAnim.h; sourceTree = "<group>"; };
		41B8F3E31A72FEE10014CDAB /* mapEditor.cpp */ = {isa = PBXFileReference; fileEncoding = 4; lastKnownFileType = sourcecode.cpp.cpp; name = mapEditor.cpp; path = ../../source/tools/mapEditor/mapEditor.cpp; sourceTree = "<group>"; };
		41B8F3E41A72FEE10014CDAB /* mapEditor.h */ = {isa = PBXFileReference; fileEncoding = 4; lastKnownFileType = sourcecode.c.h; name = mapEditor.h; path = ../../source/tools/mapEditor/mapEditor.h; sourceTree = "<group>"; };
		41B96A9D1A697996004397E6 /* spriteMake.cpp */ = {isa = PBXFileReference; fileEncoding = 4; lastKnownFileType = sourcecode.cpp.cpp; name = spriteMake.cpp; path = ../../source/tools/spriteMake.cpp; sourceTree = "<group>"; };
		41B96A9E1A697996004397E6 /* spriteMake.h */ = {isa = PBXFileReference; fileEncoding = 4; lastKnownFileType = sourcecode.c.h; name = spriteMake.h; path = ../../source/tools/spriteMake.h; sourceTree = "<group>"; };
		41BAB90B1A5EF30E00DD0D11 /* sdNodes.h */ = {isa = PBXFileReference; fileEncoding = 4; lastKnownFileType = sourcecode.c.h; path = sdNodes.h; sourceTree = "<group>"; };
		41BAB90E1A5EF32100DD0D11 /* actor.cpp */ = {isa = PBXFileReference; fileEncoding = 4; lastKnownFileType = sourcecode.cpp.cpp; name = actor.cpp; path = ../../source/game/actor.cpp; sourceTree = "<group>"; };
		41BAB90F1A5EF32100DD0D11 /* actor.h */ = {isa = PBXFileReference; fileEncoding = 4; lastKnownFileType = sourcecode.c.h; name = actor.h; path = ../../source/game/actor.h; sourceTree = "<group>"; };
		41BAB9101A5EF32100DD0D11 /* playLoop.cpp */ = {isa = PBXFileReference; fileEncoding = 4; lastKnownFileType = sourcecode.cpp.cpp; name = playLoop.cpp; path = ../../source/game/playLoop.cpp; sourceTree = "<group>"; };
		41BAB9111A5EF32100DD0D11 /* playLoop.h */ = {isa = PBXFileReference; fileEncoding = 4; lastKnownFileType = sourcecode.c.h; name = playLoop.h; path = ../../source/game/playLoop.h; sourceTree = "<group>"; };
		41BB267E1A547A9A00311383 /* OpenAL.framework */ = {isa = PBXFileReference; lastKnownFileType = wrapper.framework; name = OpenAL.framework; path = System/Library/Frameworks/OpenAL.framework; sourceTree = SDKROOT; };
		41BCC0601A6EBACB00F8B3FA /* pWeapon.cpp */ = {isa = PBXFileReference; fileEncoding = 4; lastKnownFileType = sourcecode.cpp.cpp; name = pWeapon.cpp; path = ../../source/game/pWeapon.cpp; sourceTree = "<group>"; };
		41BCC0611A6EBACB00F8B3FA /* pWeapon.h */ = {isa = PBXFileReference; fileEncoding = 4; lastKnownFileType = sourcecode.c.h; name = pWeapon.h; path = ../../source/game/pWeapon.h; sourceTree = "<group>"; };
		41BCC06A1A6ECCB800F8B3FA /* renderScene.cpp */ = {isa = PBXFileReference; fileEncoding = 4; lastKnownFileType = sourcecode.cpp.cpp; path = renderScene.cpp; sourceTree = "<group>"; };
		41BCC06B1A6ECCB800F8B3FA /* renderScene.h */ = {isa = PBXFileReference; fileEncoding = 4; lastKnownFileType = sourcecode.c.h; path = renderScene.h; sourceTree = "<group>"; };
		41BE76CB1A851A4700DD893E /* defs.cpp */ = {isa = PBXFileReference; fileEncoding = 4; lastKnownFileType = sourcecode.cpp.cpp; path = defs.cpp; sourceTree = "<group>"; };
		41BE76CC1A851A4700DD893E /* defs.h */ = {isa = PBXFileReference; fileEncoding = 4; lastKnownFileType = sourcecode.c.h; path = defs.h; sourceTree = "<group>"; };
		41C181AD1AA4E4390088C7E2 /* session.cpp */ = {isa = PBXFileReference; fileEncoding = 4; lastKnownFileType = sourcecode.cpp.cpp; path = session.cpp; sourceTree = "<group>"; };
		41C181AE1AA4E4390088C7E2 /* session.h */ = {isa = PBXFileReference; fileEncoding = 4; lastKnownFileType = sourcecode.c.h; path = session.h; sourceTree = "<group>"; };
		41C7FC081A5AFB6E003864CB /* array.h */ = {isa = PBXFileReference; fileEncoding = 4; lastKnownFileType = sourcecode.c.h; path = array.h; sourceTree = "<group>"; };
		41C7FC091A5AFB6E003864CB /* binFile.cpp */ = {isa = PBXFileReference; fileEncoding = 4; lastKnownFileType = sourcecode.cpp.cpp; path = binFile.cpp; sourceTree = "<group>"; };
		41C7FC0A1A5AFB6E003864CB /* binFile.h */ = {isa = PBXFileReference; fileEncoding = 4; lastKnownFileType = sourcecode.c.h; path = binFile.h; sourceTree = "<group>"; };
		41C7FC0B1A5AFB6E003864CB /* cmd.cpp */ = {isa = PBXFileReference; fileEncoding = 4; lastKnownFileType = sourcecode.cpp.cpp; path = cmd.cpp; sourceTree = "<group>"; };
		41C7FC0C1A5AFB6E003864CB /* cmd.h */ = {isa = PBXFileReference; fileEncoding = 4; lastKnownFileType = sourcecode.c.h; path = cmd.h; sourceTree = "<group>"; };
		41C7FC0D1A5AFB6E003864CB /* cvar.cpp */ = {isa = PBXFileReference; fileEncoding = 4; lastKnownFileType = sourcecode.cpp.cpp; path = cvar.cpp; sourceTree = "<group>"; };
		41C7FC0E1A5AFB6E003864CB /* cvar.h */ = {isa = PBXFileReference; fileEncoding = 4; lastKnownFileType = sourcecode.c.h; path = cvar.h; sourceTree = "<group>"; };
		41C7FC0F1A5AFB6E003864CB /* dict.cpp */ = {isa = PBXFileReference; fileEncoding = 4; lastKnownFileType = sourcecode.cpp.cpp; path = dict.cpp; sourceTree = "<group>"; };
		41C7FC101A5AFB6E003864CB /* dict.h */ = {isa = PBXFileReference; fileEncoding = 4; lastKnownFileType = sourcecode.c.h; path = dict.h; sourceTree = "<group>"; };
		41C7FC111A5AFB6E003864CB /* hashlist.h */ = {isa = PBXFileReference; fileEncoding = 4; lastKnownFileType = sourcecode.c.h; path = hashlist.h; sourceTree = "<group>"; };
		41C7FC121A5AFB6E003864CB /* kpf.cpp */ = {isa = PBXFileReference; fileEncoding = 4; lastKnownFileType = sourcecode.cpp.cpp; path = kpf.cpp; sourceTree = "<group>"; };
		41C7FC131A5AFB6E003864CB /* kpf.h */ = {isa = PBXFileReference; fileEncoding = 4; lastKnownFileType = sourcecode.c.h; path = kpf.h; sourceTree = "<group>"; };
		41C7FC141A5AFB6E003864CB /* kstring.cpp */ = {isa = PBXFileReference; fileEncoding = 4; lastKnownFileType = sourcecode.cpp.cpp; path = kstring.cpp; sourceTree = "<group>"; };
		41C7FC151A5AFB6E003864CB /* kstring.h */ = {isa = PBXFileReference; fileEncoding = 4; lastKnownFileType = sourcecode.c.h; path = kstring.h; sourceTree = "<group>"; };
		41C7FC161A5AFB6E003864CB /* linkedlist.h */ = {isa = PBXFileReference; fileEncoding = 4; lastKnownFileType = sourcecode.c.h; path = linkedlist.h; sourceTree = "<group>"; };
		41C7FC171A5AFB6E003864CB /* memHeap.cpp */ = {isa = PBXFileReference; fileEncoding = 4; lastKnownFileType = sourcecode.cpp.cpp; path = memHeap.cpp; sourceTree = "<group>"; };
		41C7FC181A5AFB6E003864CB /* memHeap.h */ = {isa = PBXFileReference; fileEncoding = 4; lastKnownFileType = sourcecode.c.h; path = memHeap.h; sourceTree = "<group>"; };
		41C7FC191A5AFB6E003864CB /* object.cpp */ = {isa = PBXFileReference; fileEncoding = 4; lastKnownFileType = sourcecode.cpp.cpp; path = object.cpp; sourceTree = "<group>"; };
		41C7FC1A1A5AFB6E003864CB /* object.h */ = {isa = PBXFileReference; fileEncoding = 4; lastKnownFileType = sourcecode.c.h; path = object.h; sourceTree = "<group>"; };
		41C7FC1B1A5AFB6E003864CB /* parser.cpp */ = {isa = PBXFileReference; fileEncoding = 4; lastKnownFileType = sourcecode.cpp.cpp; path = parser.cpp; sourceTree = "<group>"; };
		41C7FC1C1A5AFB6E003864CB /* parser.h */ = {isa = PBXFileReference; fileEncoding = 4; lastKnownFileType = sourcecode.c.h; path = parser.h; sourceTree = "<group>"; };
		41C7FC1D1A5AFB6E003864CB /* queue.h */ = {isa = PBXFileReference; fileEncoding = 4; lastKnownFileType = sourcecode.c.h; path = queue.h; sourceTree = "<group>"; };
		41C7FC1E1A5AFB6E003864CB /* unzip.cpp */ = {isa = PBXFileReference; fileEncoding = 4; lastKnownFileType = sourcecode.cpp.cpp; path = unzip.cpp; sourceTree = "<group>"; };
		41C7FC1F1A5AFB6E003864CB /* unzip.h */ = {isa = PBXFileReference; fileEncoding = 4; lastKnownFileType = sourcecode.c.h; path = unzip.h; sourceTree = "<group>"; };
		41C7FC2E1A5AFB84003864CB /* game.cpp */ = {isa = PBXFileReference; fileEncoding = 4; lastKnownFileType = sourcecode.cpp.cpp; name = game.cpp; path = ../../source/game/game.cpp; sourceTree = "<group>"; };
		41C7FC2F1A5AFB84003864CB /* game.h */ = {isa = PBXFileReference; fileEncoding = 4; lastKnownFileType = sourcecode.c.h; name = game.h; path = ../../source/game/game.h; sourceTree = "<group>"; };
		41C7FC301A5AFB84003864CB /* gameObject.cpp */ = {isa = PBXFileReference; fileEncoding = 4; lastKnownFileType = sourcecode.cpp.cpp; name = gameObject.cpp; path = ../../source/game/gameObject.cpp; sourceTree = "<group>"; };
		41C7FC311A5AFB84003864CB /* gameObject.h */ = {isa = PBXFileReference; fileEncoding = 4; lastKnownFileType = sourcecode.c.h; name = gameObject.h; path = ../../source/game/gameObject.h; sourceTree = "<group>"; };
		41C7FC321A5AFB84003864CB /* localization.cpp */ = {isa = PBXFileReference; fileEncoding = 4; lastKnownFileType = sourcecode.cpp.cpp; name = localization.cpp; path = ../../source/game/localization.cpp; sourceTree = "<group>"; };
		41C7FC331A5AFB84003864CB /* localization.h */ = {isa = PBXFileReference; fileEncoding = 4; lastKnownFileType = sourcecode.c.h; name = localization.h; path = ../../source/game/localization.h; sourceTree = "<group>"; };
		41C7FC341A5AFB84003864CB /* menu.cpp */ = {isa = PBXFileReference; fileEncoding = 4; lastKnownFileType = sourcecode.cpp.cpp; name = menu.cpp; path = ../../source/game/menu.cpp; sourceTree = "<group>"; };
		41C7FC351A5AFB84003864CB /* menu.h */ = {isa = PBXFileReference; fileEncoding = 4; lastKnownFileType = sourcecode.c.h; name = menu.h; path = ../../source/game/menu.h; sourceTree = "<group>"; };
		41C7FC361A5AFB84003864CB /* player.cpp */ = {isa = PBXFileReference; fileEncoding = 4; lastKnownFileType = sourcecode.cpp.cpp; name = player.cpp; path = ../../source/game/player.cpp; sourceTree = "<group>"; };
		41C7FC371A5AFB84003864CB /* player.h */ = {isa = PBXFileReference; fileEncoding = 4; lastKnownFileType = sourcecode.c.h; name = player.h; path = ../../source/game/player.h; sourceTree = "<group>"; };
		41C7FC381A5AFB84003864CB /* playerCmd.cpp */ = {isa = PBXFileReference; fileEncoding = 4; lastKnownFileType = sourcecode.cpp.cpp; name = playerCmd.cpp; path = ../../source/game/playerCmd.cpp; sourceTree = "<group>"; };
		41C7FC391A5AFB84003864CB /* playerCmd.h */ = {isa = PBXFileReference; fileEncoding = 4; lastKnownFileType = sourcecode.c.h; name = playerCmd.h; path = ../../source/game/playerCmd.h; sourceTree = "<group>"; };
		41C7FC3C1A5AFB84003864CB /* titlescreen.cpp */ = {isa = PBXFileReference; fileEncoding = 4; lastKnownFileType = sourcecode.cpp.cpp; name = titlescreen.cpp; path = ../../source/game/titlescreen.cpp; sourceTree = "<group>"; };
		41C7FC3D1A5AFB84003864CB /* titlescreen.h */ = {isa = PBXFileReference; fileEncoding = 4; lastKnownFileType = sourcecode.c.h; name = titlescreen.h; path = ../../source/game/titlescreen.h; sourceTree = "<group>"; };
		41C7FC3E1A5AFB84003864CB /* world.cpp */ = {isa = PBXFileReference; fileEncoding = 4; lastKnownFileType = sourcecode.cpp.cpp; name = world.cpp; path = ../../source/game/world.cpp; sourceTree = "<group>"; };
		41C7FC3F1A5AFB84003864CB /* world.h */ = {isa = PBXFileReference; fileEncoding = 4; lastKnownFileType = sourcecode.c.h; name = world.h; path = ../../source/game/world.h; sourceTree = "<group>"; };
		41C7FC4B1A5AFB98003864CB /* cpuVertexList.cpp */ = {isa = PBXFileReference; fileEncoding = 4; lastKnownFileType = sourcecode.cpp.cpp; path = cpuVertexList.cpp; sourceTree = "<group>"; };
		41C7FC4C1A5AFB98003864CB /* cpuVertexList.h */ = {isa = PBXFileReference; fileEncoding = 4; lastKnownFileType = sourcecode.c.h; path = cpuVertexList.h; sourceTree = "<group>"; };
		41C7FC4D1A5AFB98003864CB /* drawLists.cpp */ = {isa = PBXFileReference; fileEncoding = 4; lastKnownFileType = sourcecode.cpp.cpp; path = drawLists.cpp; sourceTree = "<group>"; };
		41C7FC4E1A5AFB98003864CB /* drawLists.h */ = {isa = PBXFileReference; fileEncoding = 4; lastKnownFileType = sourcecode.c.h; path = drawLists.h; sourceTree = "<group>"; };
		41C7FC4F1A5AFB98003864CB /* fbo.cpp */ = {isa = PBXFileReference; fileEncoding = 4; lastKnownFileType = sourcecode.cpp.cpp; path = fbo.cpp; sourceTree = "<group>"; };
		41C7FC501A5AFB98003864CB /* fbo.h */ = {isa = PBXFileReference; fileEncoding = 4; lastKnownFileType = sourcecode.c.h; path = fbo.h; sourceTree = "<group>"; };
		41C7FC531A5AFB98003864CB /* image.cpp */ = {isa = PBXFileReference; fileEncoding = 4; lastKnownFileType = sourcecode.cpp.cpp; path = image.cpp; sourceTree = "<group>"; };
		41C7FC541A5AFB98003864CB /* image.h */ = {isa = PBXFileReference; fileEncoding = 4; lastKnownFileType = sourcecode.c.h; path = image.h; sourceTree = "<group>"; };
		41C7FC551A5AFB98003864CB /* renderBackend.cpp */ = {isa = PBXFileReference; fileEncoding = 4; lastKnownFileType = sourcecode.cpp.cpp; path = renderBackend.cpp; sourceTree = "<group>"; };
		41C7FC561A5AFB98003864CB /* renderBackend.h */ = {isa = PBXFileReference; fileEncoding = 4; lastKnownFileType = sourcecode.c.h; path = renderBackend.h; sourceTree = "<group>"; };
		41C7FC571A5AFB98003864CB /* renderFont.cpp */ = {isa = PBXFileReference; fileEncoding = 4; lastKnownFileType = sourcecode.cpp.cpp; path = renderFont.cpp; sourceTree = "<group>"; };
		41C7FC581A5AFB98003864CB /* renderFont.h */ = {isa = PBXFileReference; fileEncoding = 4; lastKnownFileType = sourcecode.c.h; path = renderFont.h; sourceTree = "<group>"; };
		41C7FC591A5AFB98003864CB /* renderMain.h */ = {isa = PBXFileReference; fileEncoding = 4; lastKnownFileType = sourcecode.c.h; path = renderMain.h; sourceTree = "<group>"; };
		41C7FC5A1A5AFB98003864CB /* renderScreen.cpp */ = {isa = PBXFileReference; fileEncoding = 4; lastKnownFileType = sourcecode.cpp.cpp; path = renderScreen.cpp; sourceTree = "<group>"; };
		41C7FC5B1A5AFB98003864CB /* renderScreen.h */ = {isa = PBXFileReference; fileEncoding = 4; lastKnownFileType = sourcecode.c.h; path = renderScreen.h; sourceTree = "<group>"; };
		41C7FC5C1A5AFB98003864CB /* renderUtils.cpp */ = {isa = PBXFileReference; fileEncoding = 4; lastKnownFileType = sourcecode.cpp.cpp; path = renderUtils.cpp; sourceTree = "<group>"; };
		41C7FC5D1A5AFB98003864CB /* renderUtils.h */ = {isa = PBXFileReference; fileEncoding = 4; lastKnownFileType = sourcecode.c.h; path = renderUtils.h; sourceTree = "<group>"; };
		41C7FC5E1A5AFB98003864CB /* renderView.cpp */ = {isa = PBXFileReference; fileEncoding = 4; lastKnownFileType = sourcecode.cpp.cpp; path = renderView.cpp; sourceTree = "<group>"; };
		41C7FC5F1A5AFB98003864CB /* renderView.h */ = {isa = PBXFileReference; fileEncoding = 4; lastKnownFileType = sourcecode.c.h; path = renderView.h; sourceTree = "<group>"; };
		41C7FC601A5AFB98003864CB /* textureManager.cpp */ = {isa = PBXFileReference; fileEncoding = 4; lastKnownFileType = sourcecode.cpp.cpp; path = textureManager.cpp; sourceTree = "<group>"; };
		41C7FC611A5AFB98003864CB /* textureManager.h */ = {isa = PBXFileReference; fileEncoding = 4; lastKnownFileType = sourcecode.c.h; path = textureManager.h; sourceTree = "<group>"; };
		41C7FC621A5AFB98003864CB /* textureObject.cpp */ = {isa = PBXFileReference; fileEncoding = 4; lastKnownFileType = sourcecode.cpp.cpp; path = textureObject.cpp; sourceTree = "<group>"; };
		41C7FC631A5AFB98003864CB /* textureObject.h */ = {isa = PBXFileReference; fileEncoding = 4; lastKnownFileType = sourcecode.c.h; path = textureObject.h; sourceTree = "<group>"; };
		41C7FC701A5AFBAB003864CB /* endian.cpp */ = {isa = PBXFileReference; fileEncoding = 4; lastKnownFileType = sourcecode.cpp.cpp; name = endian.cpp; path = ../../source/system/endian.cpp; sourceTree = "<group>"; };
		41C7FC711A5AFBAB003864CB /* endian.h */ = {isa = PBXFileReference; fileEncoding = 4; lastKnownFileType = sourcecode.c.h; name = endian.h; path = ../../source/system/endian.h; sourceTree = "<group>"; };
		41C7FC721A5AFBAB003864CB /* input.cpp */ = {isa = PBXFileReference; fileEncoding = 4; lastKnownFileType = sourcecode.cpp.cpp; name = input.cpp; path = ../../source/system/input.cpp; sourceTree = "<group>"; };
		41C7FC731A5AFBAB003864CB /* input.h */ = {isa = PBXFileReference; fileEncoding = 4; lastKnownFileType = sourcecode.c.h; name = input.h; path = ../../source/system/input.h; sourceTree = "<group>"; };
		41C7FC741A5AFBAB003864CB /* keyboard.h */ = {isa = PBXFileReference; fileEncoding = 4; lastKnownFileType = sourcecode.c.h; name = keyboard.h; path = ../../source/system/keyboard.h; sourceTree = "<group>"; };
		41C7FC751A5AFBAB003864CB /* mouse.h */ = {isa = PBXFileReference; fileEncoding = 4; lastKnownFileType = sourcecode.c.h; name = mouse.h; path = ../../source/system/mouse.h; sourceTree = "<group>"; };
		41C7FC761A5AFBAB003864CB /* sound.cpp */ = {isa = PBXFileReference; fileEncoding = 4; lastKnownFileType = sourcecode.cpp.cpp; name = sound.cpp; path = ../../source/system/sound.cpp; sourceTree = "<group>"; };
		41C7FC771A5AFBAB003864CB /* sound.h */ = {isa = PBXFileReference; fileEncoding = 4; lastKnownFileType = sourcecode.c.h; name = sound.h; path = ../../source/system/sound.h; sourceTree = "<group>"; };
		41C7FC781A5AFBAB003864CB /* system.cpp */ = {isa = PBXFileReference; fileEncoding = 4; lastKnownFileType = sourcecode.cpp.cpp; name = system.cpp; path = ../../source/system/system.cpp; sourceTree = "<group>"; };
		41C7FC791A5AFBAB003864CB /* system.h */ = {isa = PBXFileReference; fileEncoding = 4; lastKnownFileType = sourcecode.c.h; name = system.h; path = ../../source/system/system.h; sourceTree = "<group>"; };
		41C7FC7A1A5AFBAB003864CB /* timer.cpp */ = {isa = PBXFileReference; fileEncoding = 4; lastKnownFileType = sourcecode.cpp.cpp; name = timer.cpp; path = ../../source/system/timer.cpp; sourceTree = "<group>"; };
		41C7FC7B1A5AFBAB003864CB /* timer.h */ = {isa = PBXFileReference; fileEncoding = 4; lastKnownFileType = sourcecode.c.h; name = timer.h; path = ../../source/system/timer.h; sourceTree = "<group>"; };
		41C7FC821A5AFBC0003864CB /* soundOAL.cpp */ = {isa = PBXFileReference; fileEncoding = 4; lastKnownFileType = sourcecode.cpp.cpp; name = soundOAL.cpp; path = ../../source/system/al/soundOAL.cpp; sourceTree = "<group>"; };
		41C979F71A642CCA00E9C798 /* cmodel.cpp */ = {isa = PBXFileReference; fileEncoding = 4; lastKnownFileType = sourcecode.cpp.cpp; name = cmodel.cpp; path = ../../source/game/cmodel.cpp; sourceTree = "<group>"; };
		41C979F81A642CCA00E9C798 /* cmodel.h */ = {isa = PBXFileReference; fileEncoding = 4; lastKnownFileType = sourcecode.c.h; name = cmodel.h; path = ../../source/game/cmodel.h; sourceTree = "<group>"; };
		41C979FF1A645A2000E9C798 /* stack.h */ = {isa = PBXFileReference; fileEncoding = 4; lastKnownFileType = sourcecode.c.h; path = stack.h; sourceTree = "<group>"; };
		41D3D50F1A95053C000E7FD6 /* ai.cpp */ = {isa = PBXFileReference; fileEncoding = 4; lastKnownFileType = sourcecode.cpp.cpp; name = ai.cpp; path = ../../source/game/ai.cpp; sourceTree = "<group>"; };
		41D3D5101A95053C000E7FD6 /* ai.h */ = {isa = PBXFileReference; fileEncoding = 4; lastKnownFileType = sourcecode.c.h; name = ai.h; path = ../../source/game/ai.h; sourceTree = "<group>"; };
		41DA07401A51FD8900562B25 /* endianSDL.cpp */ = {isa = PBXFileReference; fileEncoding = 4; lastKnownFileType = sourcecode.cpp.cpp; name = endianSDL.cpp; path = ../../source/system/sdl/endianSDL.cpp; sourceTree = "<group>"; };
		41DA07421A51FDE000562B25 /* timerSDL.cpp */ = {isa = PBXFileReference; fileEncoding = 4; lastKnownFileType = sourcecode.cpp.cpp; name = timerSDL.cpp; path = ../../source/system/sdl/timerSDL.cpp; sourceTree = "<group>"; };
		41DA07441A51FEFC00562B25 /* systemSDL.cpp */ = {isa = PBXFileReference; fileEncoding = 4; lastKnownFileType = sourcecode.cpp.cpp; name = systemSDL.cpp; path = ../../source/system/sdl/systemSDL.cpp; sourceTree = "<group>"; };
		41DA07461A52014400562B25 /* inputSDL.cpp */ = {isa = PBXFileReference; fileEncoding = 4; lastKnownFileType = sourcecode.cpp.cpp; name = inputSDL.cpp; path = ../../source/system/sdl/inputSDL.cpp; sourceTree = "<group>"; };
		41E2CDF91A51CF2000FC28DC /* anubis.app */ = {isa = PBXFileReference; explicitFileType = wrapper.application; includeInIndex = 0; path = anubis.app; sourceTree = BUILT_PRODUCTS_DIR; };
		41E2CDFC1A51CF2000FC28DC /* Cocoa.framework */ = {isa = PBXFileReference; lastKnownFileType = wrapper.framework; name = Cocoa.framework; path = System/Library/Frameworks/Cocoa.framework; sourceTree = SDKROOT; };
		41E2CDFF1A51CF2000FC28DC /* AppKit.framework */ = {isa = PBXFileReference; lastKnownFileType = wrapper.framework; name = AppKit.framework; path = System/Library/Frameworks/AppKit.framework; sourceTree = SDKROOT; };
		41E2CE001A51CF2000FC28DC /* CoreData.framework */ = {isa = PBXFileReference; lastKnownFileType = wrapper.framework; name = CoreData.framework; path = System/Library/Frameworks/CoreData.framework; sourceTree = SDKROOT; };
		41E2CE011A51CF2000FC28DC /* Foundation.framework */ = {isa = PBXFileReference; lastKnownFileType = wrapper.framework; name = Foundation.framework; path = System/Library/Frameworks/Foundation.framework; sourceTree = SDKROOT; };
		41E2CE041A51CF2000FC28DC /* anubis-Info.plist */ = {isa = PBXFileReference; lastKnownFileType = text.plist.xml; path = "anubis-Info.plist"; sourceTree = "<group>"; };
		41E2CE061A51CF2000FC28DC /* en */ = {isa = PBXFileReference; lastKnownFileType = text.plist.strings; name = en; path = en.lproj/InfoPlist.strings; sourceTree = "<group>"; };
		41E2CE0A1A51CF2000FC28DC /* anubis-Prefix.pch */ = {isa = PBXFileReference; lastKnownFileType = sourcecode.c.h; path = "anubis-Prefix.pch"; sourceTree = "<group>"; };
		41E2CE0C1A51CF2000FC28DC /* en */ = {isa = PBXFileReference; lastKnownFileType = text.rtf; name = en; path = en.lproj/Credits.rtf; sourceTree = "<group>"; };
		41E2CE141A51CF2000FC28DC /* Images.xcassets */ = {isa = PBXFileReference; lastKnownFileType = folder.assetcatalog; path = Images.xcassets; sourceTree = "<group>"; };
		41E2CE1B1A51CF2000FC28DC /* XCTest.framework */ = {isa = PBXFileReference; lastKnownFileType = wrapper.framework; name = XCTest.framework; path = Library/Frameworks/XCTest.framework; sourceTree = DEVELOPER_DIR; };
		41E2CE351A51D1EE00FC28DC /* SDL2.framework */ = {isa = PBXFileReference; lastKnownFileType = wrapper.framework; path = SDL2.framework; sourceTree = "<group>"; };
		41E2CE591A51D39B00FC28DC /* angle.cpp */ = {isa = PBXFileReference; fileEncoding = 4; lastKnownFileType = sourcecode.cpp.cpp; path = angle.cpp; sourceTree = "<group>"; };
		41E2CE5A1A51D39B00FC28DC /* bounds.cpp */ = {isa = PBXFileReference; fileEncoding = 4; lastKnownFileType = sourcecode.cpp.cpp; path = bounds.cpp; sourceTree = "<group>"; };
		41E2CE5B1A51D39B00FC28DC /* mathlib.cpp */ = {isa = PBXFileReference; fileEncoding = 4; lastKnownFileType = sourcecode.cpp.cpp; path = mathlib.cpp; sourceTree = "<group>"; };
		41E2CE5C1A51D39B00FC28DC /* mathlib.h */ = {isa = PBXFileReference; fileEncoding = 4; lastKnownFileType = sourcecode.c.h; path = mathlib.h; sourceTree = "<group>"; };
		41E2CE5D1A51D39B00FC28DC /* matrix.cpp */ = {isa = PBXFileReference; fileEncoding = 4; lastKnownFileType = sourcecode.cpp.cpp; path = matrix.cpp; sourceTree = "<group>"; };
		41E2CE5E1A51D39B00FC28DC /* plane.cpp */ = {isa = PBXFileReference; fileEncoding = 4; lastKnownFileType = sourcecode.cpp.cpp; path = plane.cpp; sourceTree = "<group>"; };
		41E2CE5F1A51D39B00FC28DC /* pluecker.cpp */ = {isa = PBXFileReference; fileEncoding = 4; lastKnownFileType = sourcecode.cpp.cpp; path = pluecker.cpp; sourceTree = "<group>"; };
		41E2CE601A51D39B00FC28DC /* quaternion.cpp */ = {isa = PBXFileReference; fileEncoding = 4; lastKnownFileType = sourcecode.cpp.cpp; path = quaternion.cpp; sourceTree = "<group>"; };
		41E2CE611A51D39B00FC28DC /* random.cpp */ = {isa = PBXFileReference; fileEncoding = 4; lastKnownFileType = sourcecode.cpp.cpp; path = random.cpp; sourceTree = "<group>"; };
		41E2CE621A51D39B00FC28DC /* vector.cpp */ = {isa = PBXFileReference; fileEncoding = 4; lastKnownFileType = sourcecode.cpp.cpp; path = vector.cpp; sourceTree = "<group>"; };
		41E2CE641A51D39B00FC28DC /* dgl.h */ = {isa = PBXFileReference; fileEncoding = 4; lastKnownFileType = sourcecode.c.h; path = dgl.h; sourceTree = "<group>"; };
		41E2CE651A51D39B00FC28DC /* glcontext.cpp */ = {isa = PBXFileReference; fileEncoding = 4; lastKnownFileType = sourcecode.cpp.cpp; path = glcontext.cpp; sourceTree = "<group>"; };
		41E2CE661A51D39B00FC28DC /* glcontext.h */ = {isa = PBXFileReference; fileEncoding = 4; lastKnownFileType = sourcecode.c.h; path = glcontext.h; sourceTree = "<group>"; };
		41E2CE701A51D39B00FC28DC /* kexlib.h */ = {isa = PBXFileReference; fileEncoding = 4; lastKnownFileType = sourcecode.c.h; name = kexlib.h; path = ../../source/kexlib.h; sourceTree = "<group>"; };
		41E2CE711A51D39B00FC28DC /* main.cpp */ = {isa = PBXFileReference; fileEncoding = 4; lastKnownFileType = sourcecode.cpp.cpp; name = main.cpp; path = ../../source/main.cpp; sourceTree = "<group>"; };
		41E2CE8E1A51D3E300FC28DC /* libpng.xcodeproj */ = {isa = PBXFileReference; lastKnownFileType = "wrapper.pb-project"; name = libpng.xcodeproj; path = libpng/xcode/libpng.xcodeproj; sourceTree = "<group>"; };
		41E2CE9C1A51D40700FC28DC /* libz.dylib */ = {isa = PBXFileReference; lastKnownFileType = "compiled.mach-o.dylib"; name = libz.dylib; path = usr/lib/libz.dylib; sourceTree = SDKROOT; };
		41E2CE9E1A51D57700FC28DC /* OpenGL.framework */ = {isa = PBXFileReference; lastKnownFileType = wrapper.framework; name = OpenGL.framework; path = System/Library/Frameworks/OpenGL.framework; sourceTree = SDKROOT; };
		41E9B2EC1AB1F45000ECA62E /* actorFactory.cpp */ = {isa = PBXFileReference; fileEncoding = 4; lastKnownFileType = sourcecode.cpp.cpp; name = actorFactory.cpp; path = ../../source/game/actorFactory.cpp; sourceTree = "<group>"; };
		41E9B2ED1AB1F45000ECA62E /* actorFactory.h */ = {isa = PBXFileReference; fileEncoding = 4; lastKnownFileType = sourcecode.c.h; name = actorFactory.h; path = ../../source/game/actorFactory.h; sourceTree = "<group>"; };
/* End PBXFileReference section */

/* Begin PBXFrameworksBuildPhase section */
		41E2CDF61A51CF2000FC28DC /* Frameworks */ = {
			isa = PBXFrameworksBuildPhase;
			buildActionMask = 2147483647;
			files = (
				415A071F1AC9B81800D74D25 /* libogg.a in Frameworks */,
				415A07201AC9B81800D74D25 /* libvorbis.a in Frameworks */,
				415A07211AC9B81800D74D25 /* libvorbisfile.a in Frameworks */,
				41B776581A83E8D3008C8F23 /* libangelscript.a in Frameworks */,
				41BB267F1A547A9A00311383 /* OpenAL.framework in Frameworks */,
				41E2CEA11A51D5CC00FC28DC /* libpng.a in Frameworks */,
				41E2CE9F1A51D57700FC28DC /* OpenGL.framework in Frameworks */,
				41E2CE9D1A51D40700FC28DC /* libz.dylib in Frameworks */,
				41E2CE371A51D1EE00FC28DC /* SDL2.framework in Frameworks */,
				41E2CDFD1A51CF2000FC28DC /* Cocoa.framework in Frameworks */,
			);
			runOnlyForDeploymentPostprocessing = 0;
		};
/* End PBXFrameworksBuildPhase section */

/* Begin PBXGroup section */
		415A06FF1AC9B5E700D74D25 /* Products */ = {
			isa = PBXGroup;
			children = (
				415A07071AC9B5E700D74D25 /* Ogg.framework */,
				415A07091AC9B5E700D74D25 /* libogg.a */,
			);
			name = Products;
			sourceTree = "<group>";
		};
		415A070B1AC9B5EF00D74D25 /* Products */ = {
			isa = PBXGroup;
			children = (
				415A07121AC9B5EF00D74D25 /* Vorbis.framework */,
				415A07141AC9B5EF00D74D25 /* libvorbis.a */,
				415A07161AC9B5EF00D74D25 /* libvorbisenc.a */,
				415A07181AC9B5EF00D74D25 /* libvorbisfile.a */,
			);
			name = Products;
			sourceTree = "<group>";
		};
		41B776481A83E81C008C8F23 /* Products */ = {
			isa = PBXGroup;
			children = (
				41B7764D1A83E81C008C8F23 /* libangelscript.a */,
				41B7764F1A83E81C008C8F23 /* libangelscript.a */,
			);
			name = Products;
			sourceTree = "<group>";
		};
		41B776541A83E83C008C8F23 /* script */ = {
			isa = PBXGroup;
			children = (
				41B776551A83E850008C8F23 /* scriptSystem.cpp */,
				41B776561A83E850008C8F23 /* scriptSystem.h */,
				41B776591A83EA4E008C8F23 /* objects */,
			);
			name = script;
			sourceTree = "<group>";
		};
		41B776591A83EA4E008C8F23 /* objects */ = {
			isa = PBXGroup;
			children = (
				413DD5BD1A89674B00767E49 /* actorObject.cpp */,
				419342251A8BB38B002C7F8E /* gameSysObject.cpp */,
				41B776631A83EF3D008C8F23 /* mathObject.cpp */,
				41B7765D1A83EB0A008C8F23 /* refObject.cpp */,
				41B776601A83EB74008C8F23 /* stringObject.cpp */,
				41B7765A1A83EA5E008C8F23 /* systemObject.cpp */,
				413DD5BE1A89674B00767E49 /* actorObject.h */,
				419342241A8BB38B002C7F8E /* gameSysObject.h */,
				41B776641A83EF3D008C8F23 /* mathObject.h */,
				41B7765E1A83EB0A008C8F23 /* refObject.h */,
				41B776611A83EB74008C8F23 /* stringObject.h */,
				41B7765B1A83EA5E008C8F23 /* systemObject.h */,
			);
			name = objects;
			sourceTree = "<group>";
		};
		41B8F3E01A72FED50014CDAB /* mapEditor */ = {
			isa = PBXGroup;
			children = (
				41B8F3E31A72FEE10014CDAB /* mapEditor.cpp */,
				41B8F3E41A72FEE10014CDAB /* mapEditor.h */,
			);
			name = mapEditor;
			sourceTree = "<group>";
		};
		41B96A9A1A69798B004397E6 /* tools */ = {
			isa = PBXGroup;
			children = (
				410A697E1AAF53FC000BD442 /* dataConvert.cpp */,
				41B96A9D1A697996004397E6 /* spriteMake.cpp */,
				41B96A9E1A697996004397E6 /* spriteMake.h */,
				41B8F3E01A72FED50014CDAB /* mapEditor */,
			);
			name = tools;
			sourceTree = "<group>";
		};
		41BACC671A5311EA0054A04A /* game */ = {
			isa = PBXGroup;
			children = (
				419C3BB21A89100400C19D68 /* actionDef.cpp */,
				41BAB90E1A5EF32100DD0D11 /* actor.cpp */,
				41E9B2EC1AB1F45000ECA62E /* actorFactory.cpp */,
				41D3D50F1A95053C000E7FD6 /* ai.cpp */,
				41C979F71A642CCA00E9C798 /* cmodel.cpp */,
				41C7FC2E1A5AFB84003864CB /* game.cpp */,
				41C7FC301A5AFB84003864CB /* gameObject.cpp */,
				41B5F18E1A926BC00016327B /* hud.cpp */,
				411358D01AB75FE200916706 /* inventoryMenu.cpp */,
				41C7FC321A5AFB84003864CB /* localization.cpp */,
				41C7FC341A5AFB84003864CB /* menu.cpp */,
				41A5344F1AC2092E00A666D5 /* menuPanel.cpp */,
				4178638D1A8E6B2C00329895 /* mover.cpp */,
				41A9A1801ACD9EE2009B4ECF /* overWorld.cpp */,
				4111E0801A8D4B19000D5B22 /* pickup.cpp */,
				41C7FC361A5AFB84003864CB /* player.cpp */,
				41C7FC381A5AFB84003864CB /* playerCmd.cpp */,
				41BAB9101A5EF32100DD0D11 /* playLoop.cpp */,
				41B5F1861A9251C80016327B /* projectile.cpp */,
				41BCC0601A6EBACB00F8B3FA /* pWeapon.cpp */,
				41B5F0FC1A9BA76600698014 /* spring.cpp */,
				41B817331A6D6EF500151622 /* sprite.cpp */,
				41B817351A6D6EF500151622 /* spriteAnim.cpp */,
				41C7FC3C1A5AFB84003864CB /* titlescreen.cpp */,
				41A9A1951AD2E968009B4ECF /* travelObject.cpp */,
				41C7FC3E1A5AFB84003864CB /* world.cpp */,
				419C3BB31A89100400C19D68 /* actionDef.h */,
				41BAB90F1A5EF32100DD0D11 /* actor.h */,
				41E9B2ED1AB1F45000ECA62E /* actorFactory.h */,
				41D3D5101A95053C000E7FD6 /* ai.h */,
				41C979F81A642CCA00E9C798 /* cmodel.h */,
				41C7FC2F1A5AFB84003864CB /* game.h */,
				41C7FC311A5AFB84003864CB /* gameObject.h */,
				41B5F18F1A926BC00016327B /* hud.h */,
				411358D11AB75FE200916706 /* inventoryMenu.h */,
				41C7FC331A5AFB84003864CB /* localization.h */,
				41C7FC351A5AFB84003864CB /* menu.h */,
				41A534501AC2092E00A666D5 /* menuPanel.h */,
				4178638E1A8E6B2C00329895 /* mover.h */,
				41A9A1811ACD9EE2009B4ECF /* overWorld.h */,
				4111E0811A8D4B19000D5B22 /* pickup.h */,
				41C7FC371A5AFB84003864CB /* player.h */,
				41C7FC391A5AFB84003864CB /* playerCmd.h */,
				41BAB9111A5EF32100DD0D11 /* playLoop.h */,
				41B5F1871A9251C80016327B /* projectile.h */,
				41BCC0611A6EBACB00F8B3FA /* pWeapon.h */,
				41B5F0FD1A9BA76600698014 /* spring.h */,
				41B817341A6D6EF500151622 /* sprite.h */,
				41B817361A6D6EF500151622 /* spriteAnim.h */,
				41C7FC3D1A5AFB84003864CB /* titlescreen.h */,
				41A9A1961AD2E968009B4ECF /* travelObject.h */,
				41C7FC3F1A5AFB84003864CB /* world.h */,
			);
			name = game;
			sourceTree = "<group>";
		};
		41C7FC811A5AFBB5003864CB /* oal */ = {
			isa = PBXGroup;
			children = (
				41C7FC821A5AFBC0003864CB /* soundOAL.cpp */,
			);
			name = oal;
			sourceTree = "<group>";
		};
		41DA073F1A51FD1800562B25 /* sdl */ = {
			isa = PBXGroup;
			children = (
				41DA07401A51FD8900562B25 /* endianSDL.cpp */,
				41DA07461A52014400562B25 /* inputSDL.cpp */,
				41DA07441A51FEFC00562B25 /* systemSDL.cpp */,
				41DA07421A51FDE000562B25 /* timerSDL.cpp */,
			);
			name = sdl;
			sourceTree = "<group>";
		};
		41E2CDF01A51CF2000FC28DC = {
			isa = PBXGroup;
			children = (
				41E2CEA01A51D59000FC28DC /* Dependencies */,
				41E2CDFB1A51CF2000FC28DC /* Frameworks */,
				41E2CDFA1A51CF2000FC28DC /* Products */,
				41E2CE3B1A51D38A00FC28DC /* Source */,
				41E2CE031A51CF2000FC28DC /* Supporting Files */,
			);
			sourceTree = "<group>";
		};
		41E2CDFA1A51CF2000FC28DC /* Products */ = {
			isa = PBXGroup;
			children = (
				41E2CDF91A51CF2000FC28DC /* anubis.app */,
			);
			name = Products;
			sourceTree = "<group>";
		};
		41E2CDFB1A51CF2000FC28DC /* Frameworks */ = {
			isa = PBXGroup;
			children = (
				41E2CE9C1A51D40700FC28DC /* libz.dylib */,
				41E2CDFC1A51CF2000FC28DC /* Cocoa.framework */,
				41BB267E1A547A9A00311383 /* OpenAL.framework */,
				41E2CE9E1A51D57700FC28DC /* OpenGL.framework */,
				41E2CE351A51D1EE00FC28DC /* SDL2.framework */,
				41E2CE1B1A51CF2000FC28DC /* XCTest.framework */,
				41E2CDFE1A51CF2000FC28DC /* Other Frameworks */,
			);
			name = Frameworks;
			sourceTree = "<group>";
		};
		41E2CDFE1A51CF2000FC28DC /* Other Frameworks */ = {
			isa = PBXGroup;
			children = (
				41E2CDFF1A51CF2000FC28DC /* AppKit.framework */,
				41E2CE001A51CF2000FC28DC /* CoreData.framework */,
				41E2CE011A51CF2000FC28DC /* Foundation.framework */,
			);
			name = "Other Frameworks";
			sourceTree = "<group>";
		};
		41E2CE031A51CF2000FC28DC /* Supporting Files */ = {
			isa = PBXGroup;
			children = (
				41E2CE0A1A51CF2000FC28DC /* anubis-Prefix.pch */,
				41E2CE041A51CF2000FC28DC /* anubis-Info.plist */,
				41E2CE141A51CF2000FC28DC /* Images.xcassets */,
				41E2CE0B1A51CF2000FC28DC /* Credits.rtf */,
				41E2CE051A51CF2000FC28DC /* InfoPlist.strings */,
			);
			name = "Supporting Files";
			path = anubis;
			sourceTree = "<group>";
		};
		41E2CE3B1A51D38A00FC28DC /* Source */ = {
			isa = PBXGroup;
			children = (
				41E2CE711A51D39B00FC28DC /* main.cpp */,
				41E2CE701A51D39B00FC28DC /* kexlib.h */,
				41E2CE3C1A51D39B00FC28DC /* framework */,
				41BACC671A5311EA0054A04A /* game */,
				41E2CE581A51D39B00FC28DC /* math */,
				41E2CE631A51D39B00FC28DC /* opengl */,
				41E2CE671A51D39B00FC28DC /* renderer */,
				41B776541A83E83C008C8F23 /* script */,
				41E2CEA41A51D8D400FC28DC /* system */,
				41B96A9A1A69798B004397E6 /* tools */,
			);
			name = Source;
			path = anubis;
			sourceTree = "<group>";
		};
		41E2CE3C1A51D39B00FC28DC /* framework */ = {
			isa = PBXGroup;
			children = (
				41B3A5471A5DEE84006DCCB9 /* actions.cpp */,
				41C7FC091A5AFB6E003864CB /* binFile.cpp */,
				41C7FC0B1A5AFB6E003864CB /* cmd.cpp */,
				41B3A54A1A5DEEBC006DCCB9 /* console.cpp */,
				41C7FC0D1A5AFB6E003864CB /* cvar.cpp */,
				41BE76CB1A851A4700DD893E /* defs.cpp */,
				41C7FC0F1A5AFB6E003864CB /* dict.cpp */,
				41C7FC121A5AFB6E003864CB /* kpf.cpp */,
				41C7FC141A5AFB6E003864CB /* kstring.cpp */,
				41C7FC171A5AFB6E003864CB /* memHeap.cpp */,
				41C7FC191A5AFB6E003864CB /* object.cpp */,
				41C7FC1B1A5AFB6E003864CB /* parser.cpp */,
				41C181AD1AA4E4390088C7E2 /* session.cpp */,
				41C7FC1E1A5AFB6E003864CB /* unzip.cpp */,
				41B3A5481A5DEE84006DCCB9 /* actions.h */,
				41C7FC081A5AFB6E003864CB /* array.h */,
				41C7FC0A1A5AFB6E003864CB /* binFile.h */,
				41C7FC0C1A5AFB6E003864CB /* cmd.h */,
				41B3A54B1A5DEEBC006DCCB9 /* console.h */,
				41C7FC0E1A5AFB6E003864CB /* cvar.h */,
				41BE76CC1A851A4700DD893E /* defs.h */,
				41C7FC101A5AFB6E003864CB /* dict.h */,
				41C7FC111A5AFB6E003864CB /* hashlist.h */,
				41C7FC131A5AFB6E003864CB /* kpf.h */,
				41C7FC151A5AFB6E003864CB /* kstring.h */,
				41C7FC161A5AFB6E003864CB /* linkedlist.h */,
				41C7FC181A5AFB6E003864CB /* memHeap.h */,
				41C7FC1A1A5AFB6E003864CB /* object.h */,
				41C7FC1C1A5AFB6E003864CB /* parser.h */,
				41C7FC1D1A5AFB6E003864CB /* queue.h */,
				41BAB90B1A5EF30E00DD0D11 /* sdNodes.h */,
				41C181AE1AA4E4390088C7E2 /* session.h */,
				41C979FF1A645A2000E9C798 /* stack.h */,
				41C7FC1F1A5AFB6E003864CB /* unzip.h */,
			);
			name = framework;
			path = ../../source/framework;
			sourceTree = "<group>";
		};
		41E2CE581A51D39B00FC28DC /* math */ = {
			isa = PBXGroup;
			children = (
				41E2CE591A51D39B00FC28DC /* angle.cpp */,
				41E2CE5A1A51D39B00FC28DC /* bounds.cpp */,
				41E2CE5B1A51D39B00FC28DC /* mathlib.cpp */,
				41E2CE5D1A51D39B00FC28DC /* matrix.cpp */,
				41E2CE5E1A51D39B00FC28DC /* plane.cpp */,
				41E2CE5F1A51D39B00FC28DC /* pluecker.cpp */,
				41E2CE601A51D39B00FC28DC /* quaternion.cpp */,
				41E2CE611A51D39B00FC28DC /* random.cpp */,
				41E2CE621A51D39B00FC28DC /* vector.cpp */,
				41E2CE5C1A51D39B00FC28DC /* mathlib.h */,
			);
			name = math;
			path = ../../source/math;
			sourceTree = "<group>";
		};
		41E2CE631A51D39B00FC28DC /* opengl */ = {
			isa = PBXGroup;
			children = (
				41E2CE651A51D39B00FC28DC /* glcontext.cpp */,
				41E2CE641A51D39B00FC28DC /* dgl.h */,
				41E2CE661A51D39B00FC28DC /* glcontext.h */,
			);
			name = opengl;
			path = ../../source/opengl;
			sourceTree = "<group>";
		};
		41E2CE671A51D39B00FC28DC /* renderer */ = {
			isa = PBXGroup;
			children = (
				41C7FC4B1A5AFB98003864CB /* cpuVertexList.cpp */,
				41C7FC4D1A5AFB98003864CB /* drawLists.cpp */,
				41C7FC4F1A5AFB98003864CB /* fbo.cpp */,
				41C7FC531A5AFB98003864CB /* image.cpp */,
				41C7FC551A5AFB98003864CB /* renderBackend.cpp */,
				41C7FC571A5AFB98003864CB /* renderFont.cpp */,
				41BCC06A1A6ECCB800F8B3FA /* renderScene.cpp */,
				41C7FC5A1A5AFB98003864CB /* renderScreen.cpp */,
				41C7FC5C1A5AFB98003864CB /* renderUtils.cpp */,
				41C7FC5E1A5AFB98003864CB /* renderView.cpp */,
				41C7FC601A5AFB98003864CB /* textureManager.cpp */,
				41C7FC621A5AFB98003864CB /* textureObject.cpp */,
				41C7FC4C1A5AFB98003864CB /* cpuVertexList.h */,
				41C7FC4E1A5AFB98003864CB /* drawLists.h */,
				41C7FC501A5AFB98003864CB /* fbo.h */,
				41C7FC541A5AFB98003864CB /* image.h */,
				41C7FC561A5AFB98003864CB /* renderBackend.h */,
				41C7FC581A5AFB98003864CB /* renderFont.h */,
				41C7FC591A5AFB98003864CB /* renderMain.h */,
				41BCC06B1A6ECCB800F8B3FA /* renderScene.h */,
				41C7FC5B1A5AFB98003864CB /* renderScreen.h */,
				41C7FC5D1A5AFB98003864CB /* renderUtils.h */,
				41C7FC5F1A5AFB98003864CB /* renderView.h */,
				41C7FC611A5AFB98003864CB /* textureManager.h */,
				41C7FC631A5AFB98003864CB /* textureObject.h */,
			);
			name = renderer;
			path = ../../source/renderer;
			sourceTree = "<group>";
		};
		41E2CE8F1A51D3E300FC28DC /* Products */ = {
			isa = PBXGroup;
			children = (
				41E2CE951A51D3E300FC28DC /* libpng.framework */,
				41E2CE971A51D3E300FC28DC /* libpng.a */,
				41E2CE991A51D3E300FC28DC /* libpng.a */,
			);
			name = Products;
			sourceTree = "<group>";
		};
		41E2CEA01A51D59000FC28DC /* Dependencies */ = {
			isa = PBXGroup;
			children = (
				41B776471A83E81C008C8F23 /* angelscript.xcodeproj */,
				41E2CE8E1A51D3E300FC28DC /* libpng.xcodeproj */,
				415A06FE1AC9B5E700D74D25 /* Ogg.xcodeproj */,
				415A070A1AC9B5EF00D74D25 /* Vorbis.xcodeproj */,
			);
			name = Dependencies;
			sourceTree = "<group>";
		};
		41E2CEA41A51D8D400FC28DC /* system */ = {
			isa = PBXGroup;
			children = (
				41C7FC701A5AFBAB003864CB /* endian.cpp */,
				41C7FC721A5AFBAB003864CB /* input.cpp */,
				41C7FC761A5AFBAB003864CB /* sound.cpp */,
				41C7FC781A5AFBAB003864CB /* system.cpp */,
				41C7FC7A1A5AFBAB003864CB /* timer.cpp */,
				41C7FC711A5AFBAB003864CB /* endian.h */,
				41C7FC731A5AFBAB003864CB /* input.h */,
				41573F331AC07ECB0007662B /* joystick.h */,
				41C7FC741A5AFBAB003864CB /* keyboard.h */,
				41C7FC751A5AFBAB003864CB /* mouse.h */,
				41C7FC771A5AFBAB003864CB /* sound.h */,
				41C7FC791A5AFBAB003864CB /* system.h */,
				41C7FC7B1A5AFBAB003864CB /* timer.h */,
				41C7FC811A5AFBB5003864CB /* oal */,
				41DA073F1A51FD1800562B25 /* sdl */,
			);
			name = system;
			sourceTree = "<group>";
		};
/* End PBXGroup section */

/* Begin PBXNativeTarget section */
		41E2CDF81A51CF2000FC28DC /* anubis */ = {
			isa = PBXNativeTarget;
			buildConfigurationList = 41E2CE2A1A51CF2100FC28DC /* Build configuration list for PBXNativeTarget "anubis" */;
			buildPhases = (
				41E2CDF51A51CF2000FC28DC /* Sources */,
				41E2CDF61A51CF2000FC28DC /* Frameworks */,
				41E2CDF71A51CF2000FC28DC /* Resources */,
				41E2CEA21A51D67800FC28DC /* CopyFiles */,
			);
			buildRules = (
			);
			dependencies = (
				415A071E1AC9B60400D74D25 /* PBXTargetDependency */,
				415A071C1AC9B60100D74D25 /* PBXTargetDependency */,
				415A071A1AC9B5FC00D74D25 /* PBXTargetDependency */,
				41B776531A83E828008C8F23 /* PBXTargetDependency */,
				41E2CE9B1A51D3FB00FC28DC /* PBXTargetDependency */,
			);
			name = anubis;
			productName = anubis;
			productReference = 41E2CDF91A51CF2000FC28DC /* anubis.app */;
			productType = "com.apple.product-type.application";
		};
/* End PBXNativeTarget section */

/* Begin PBXProject section */
		41E2CDF11A51CF2000FC28DC /* Project object */ = {
			isa = PBXProject;
			attributes = {
				LastUpgradeCheck = 0510;
			};
			buildConfigurationList = 41E2CDF41A51CF2000FC28DC /* Build configuration list for PBXProject "anubis" */;
			compatibilityVersion = "Xcode 3.2";
			developmentRegion = English;
			hasScannedForEncodings = 0;
			knownRegions = (
				en,
				Base,
			);
			mainGroup = 41E2CDF01A51CF2000FC28DC;
			productRefGroup = 41E2CDFA1A51CF2000FC28DC /* Products */;
			projectDirPath = "";
			projectReferences = (
				{
					ProductGroup = 41B776481A83E81C008C8F23 /* Products */;
					ProjectRef = 41B776471A83E81C008C8F23 /* angelscript.xcodeproj */;
				},
				{
					ProductGroup = 41E2CE8F1A51D3E300FC28DC /* Products */;
					ProjectRef = 41E2CE8E1A51D3E300FC28DC /* libpng.xcodeproj */;
				},
				{
					ProductGroup = 415A06FF1AC9B5E700D74D25 /* Products */;
					ProjectRef = 415A06FE1AC9B5E700D74D25 /* Ogg.xcodeproj */;
				},
				{
					ProductGroup = 415A070B1AC9B5EF00D74D25 /* Products */;
					ProjectRef = 415A070A1AC9B5EF00D74D25 /* Vorbis.xcodeproj */;
				},
			);
			projectRoot = "";
			targets = (
				41E2CDF81A51CF2000FC28DC /* anubis */,
			);
		};
/* End PBXProject section */

/* Begin PBXReferenceProxy section */
		415A07071AC9B5E700D74D25 /* Ogg.framework */ = {
			isa = PBXReferenceProxy;
			fileType = wrapper.framework;
			path = Ogg.framework;
			remoteRef = 415A07061AC9B5E700D74D25 /* PBXContainerItemProxy */;
			sourceTree = BUILT_PRODUCTS_DIR;
		};
		415A07091AC9B5E700D74D25 /* libogg.a */ = {
			isa = PBXReferenceProxy;
			fileType = archive.ar;
			path = libogg.a;
			remoteRef = 415A07081AC9B5E700D74D25 /* PBXContainerItemProxy */;
			sourceTree = BUILT_PRODUCTS_DIR;
		};
		415A07121AC9B5EF00D74D25 /* Vorbis.framework */ = {
			isa = PBXReferenceProxy;
			fileType = wrapper.framework;
			path = Vorbis.framework;
			remoteRef = 415A07111AC9B5EF00D74D25 /* PBXContainerItemProxy */;
			sourceTree = BUILT_PRODUCTS_DIR;
		};
		415A07141AC9B5EF00D74D25 /* libvorbis.a */ = {
			isa = PBXReferenceProxy;
			fileType = archive.ar;
			path = libvorbis.a;
			remoteRef = 415A07131AC9B5EF00D74D25 /* PBXContainerItemProxy */;
			sourceTree = BUILT_PRODUCTS_DIR;
		};
		415A07161AC9B5EF00D74D25 /* libvorbisenc.a */ = {
			isa = PBXReferenceProxy;
			fileType = archive.ar;
			path = libvorbisenc.a;
			remoteRef = 415A07151AC9B5EF00D74D25 /* PBXContainerItemProxy */;
			sourceTree = BUILT_PRODUCTS_DIR;
		};
		415A07181AC9B5EF00D74D25 /* libvorbisfile.a */ = {
			isa = PBXReferenceProxy;
			fileType = archive.ar;
			path = libvorbisfile.a;
			remoteRef = 415A07171AC9B5EF00D74D25 /* PBXContainerItemProxy */;
			sourceTree = BUILT_PRODUCTS_DIR;
		};
		41B7764D1A83E81C008C8F23 /* libangelscript.a */ = {
			isa = PBXReferenceProxy;
			fileType = archive.ar;
			path = libangelscript.a;
			remoteRef = 41B7764C1A83E81C008C8F23 /* PBXContainerItemProxy */;
			sourceTree = BUILT_PRODUCTS_DIR;
		};
		41B7764F1A83E81C008C8F23 /* libangelscript.a */ = {
			isa = PBXReferenceProxy;
			fileType = archive.ar;
			path = libangelscript.a;
			remoteRef = 41B7764E1A83E81C008C8F23 /* PBXContainerItemProxy */;
			sourceTree = BUILT_PRODUCTS_DIR;
		};
		41E2CE951A51D3E300FC28DC /* libpng.framework */ = {
			isa = PBXReferenceProxy;
			fileType = wrapper.framework;
			path = libpng.framework;
			remoteRef = 41E2CE941A51D3E300FC28DC /* PBXContainerItemProxy */;
			sourceTree = BUILT_PRODUCTS_DIR;
		};
		41E2CE971A51D3E300FC28DC /* libpng.a */ = {
			isa = PBXReferenceProxy;
			fileType = archive.ar;
			path = libpng.a;
			remoteRef = 41E2CE961A51D3E300FC28DC /* PBXContainerItemProxy */;
			sourceTree = BUILT_PRODUCTS_DIR;
		};
		41E2CE991A51D3E300FC28DC /* libpng.a */ = {
			isa = PBXReferenceProxy;
			fileType = archive.ar;
			path = libpng.a;
			remoteRef = 41E2CE981A51D3E300FC28DC /* PBXContainerItemProxy */;
			sourceTree = BUILT_PRODUCTS_DIR;
		};
/* End PBXReferenceProxy section */

/* Begin PBXResourcesBuildPhase section */
		41E2CDF71A51CF2000FC28DC /* Resources */ = {
			isa = PBXResourcesBuildPhase;
			buildActionMask = 2147483647;
			files = (
				41E2CE071A51CF2000FC28DC /* InfoPlist.strings in Resources */,
				41E2CE151A51CF2000FC28DC /* Images.xcassets in Resources */,
				41E2CE0D1A51CF2000FC28DC /* Credits.rtf in Resources */,
			);
			runOnlyForDeploymentPostprocessing = 0;
		};
/* End PBXResourcesBuildPhase section */

/* Begin PBXSourcesBuildPhase section */
		41E2CDF51A51CF2000FC28DC /* Sources */ = {
			isa = PBXSourcesBuildPhase;
			buildActionMask = 2147483647;
			files = (
				41C7FC6A1A5AFB98003864CB /* renderFont.cpp in Sources */,
				410A697F1AAF53FC000BD442 /* dataConvert.cpp in Sources */,
				41C7FC661A5AFB98003864CB /* fbo.cpp in Sources */,
				41C7FC831A5AFBC0003864CB /* soundOAL.cpp in Sources */,
				41BCC06C1A6ECCB800F8B3FA /* renderScene.cpp in Sources */,
				411358D21AB75FE200916706 /* inventoryMenu.cpp in Sources */,
				41DA07431A51FDE000562B25 /* timerSDL.cpp in Sources */,
				41BCC0621A6EBACB00F8B3FA /* pWeapon.cpp in Sources */,
				41C7FC471A5AFB84003864CB /* playerCmd.cpp in Sources */,
				41C7FC431A5AFB84003864CB /* gameObject.cpp in Sources */,
				41C7FC6F1A5AFB98003864CB /* textureObject.cpp in Sources */,
				41C7FC6E1A5AFB98003864CB /* textureManager.cpp in Sources */,
				419C3BB41A89100400C19D68 /* actionDef.cpp in Sources */,
				41B776571A83E850008C8F23 /* scriptSystem.cpp in Sources */,
				41C7FC461A5AFB84003864CB /* player.cpp in Sources */,
				41C7FC421A5AFB84003864CB /* game.cpp in Sources */,
				41E2CE861A51D39B00FC28DC /* random.cpp in Sources */,
				4111E0821A8D4B19000D5B22 /* pickup.cpp in Sources */,
				41BAB9121A5EF32100DD0D11 /* actor.cpp in Sources */,
				41DA07451A51FEFC00562B25 /* systemSDL.cpp in Sources */,
				41C7FC441A5AFB84003864CB /* localization.cpp in Sources */,
				41B817371A6D6EF500151622 /* sprite.cpp in Sources */,
				41E2CE871A51D39B00FC28DC /* vector.cpp in Sources */,
				41B776621A83EB74008C8F23 /* stringObject.cpp in Sources */,
				41C7FC6C1A5AFB98003864CB /* renderUtils.cpp in Sources */,
				41E2CE7F1A51D39B00FC28DC /* angle.cpp in Sources */,
				41C7FC211A5AFB6E003864CB /* cmd.cpp in Sources */,
				41C7FC6B1A5AFB98003864CB /* renderScreen.cpp in Sources */,
				41E2CE821A51D39B00FC28DC /* matrix.cpp in Sources */,
				41C7FC7C1A5AFBAB003864CB /* endian.cpp in Sources */,
				41C7FC681A5AFB98003864CB /* image.cpp in Sources */,
				41C7FC691A5AFB98003864CB /* renderBackend.cpp in Sources */,
				41B5F1901A926BC00016327B /* hud.cpp in Sources */,
				41C7FC491A5AFB84003864CB /* titlescreen.cpp in Sources */,
				413DD5BF1A89674B00767E49 /* actorObject.cpp in Sources */,
				41E2CE841A51D39B00FC28DC /* pluecker.cpp in Sources */,
				41C979F91A642CCA00E9C798 /* cmodel.cpp in Sources */,
				41C7FC241A5AFB6E003864CB /* kpf.cpp in Sources */,
				41A9A1971AD2E968009B4ECF /* travelObject.cpp in Sources */,
				41B7765F1A83EB0A008C8F23 /* refObject.cpp in Sources */,
				41B5F0FE1A9BA76600698014 /* spring.cpp in Sources */,
				41E2CE8D1A51D39B00FC28DC /* main.cpp in Sources */,
				41C7FC6D1A5AFB98003864CB /* renderView.cpp in Sources */,
				41E9B2EE1AB1F45000ECA62E /* actorFactory.cpp in Sources */,
				41C7FC201A5AFB6E003864CB /* binFile.cpp in Sources */,
				41C7FC231A5AFB6E003864CB /* dict.cpp in Sources */,
				41B3A54C1A5DEEBC006DCCB9 /* console.cpp in Sources */,
				41B5F1881A9251C80016327B /* projectile.cpp in Sources */,
				41E2CE851A51D39B00FC28DC /* quaternion.cpp in Sources */,
				41D3D5111A95053C000E7FD6 /* ai.cpp in Sources */,
				41C7FC801A5AFBAB003864CB /* timer.cpp in Sources */,
				41B3A5491A5DEE84006DCCB9 /* actions.cpp in Sources */,
				41C7FC651A5AFB98003864CB /* drawLists.cpp in Sources */,
				41C7FC251A5AFB6E003864CB /* kstring.cpp in Sources */,
				41C7FC451A5AFB84003864CB /* menu.cpp in Sources */,
				419342261A8BB38B002C7F8E /* gameSysObject.cpp in Sources */,
				41C7FC281A5AFB6E003864CB /* parser.cpp in Sources */,
				41A9A1821ACD9EE2009B4ECF /* overWorld.cpp in Sources */,
				41C7FC4A1A5AFB84003864CB /* world.cpp in Sources */,
				41C7FC641A5AFB98003864CB /* cpuVertexList.cpp in Sources */,
				41B8F3E51A72FEE10014CDAB /* mapEditor.cpp in Sources */,
				41E2CE831A51D39B00FC28DC /* plane.cpp in Sources */,
				41C7FC7F1A5AFBAB003864CB /* system.cpp in Sources */,
				41B817381A6D6EF500151622 /* spriteAnim.cpp in Sources */,
				41C7FC221A5AFB6E003864CB /* cvar.cpp in Sources */,
				41DA07471A52014400562B25 /* inputSDL.cpp in Sources */,
				41C7FC7D1A5AFBAB003864CB /* input.cpp in Sources */,
				41C181AF1AA4E4390088C7E2 /* session.cpp in Sources */,
				41BAB9131A5EF32100DD0D11 /* playLoop.cpp in Sources */,
				41C7FC261A5AFB6E003864CB /* memHeap.cpp in Sources */,
				41E2CE811A51D39B00FC28DC /* mathlib.cpp in Sources */,
				41C7FC291A5AFB6E003864CB /* unzip.cpp in Sources */,
				41C7FC7E1A5AFBAB003864CB /* sound.cpp in Sources */,
				41DA07411A51FD8900562B25 /* endianSDL.cpp in Sources */,
				41C7FC271A5AFB6E003864CB /* object.cpp in Sources */,
				41B96A9F1A697996004397E6 /* spriteMake.cpp in Sources */,
				41A534511AC2092E00A666D5 /* menuPanel.cpp in Sources */,
				4178638F1A8E6B2C00329895 /* mover.cpp in Sources */,
				41BE76CD1A851A4700DD893E /* defs.cpp in Sources */,
				41B7765C1A83EA5E008C8F23 /* systemObject.cpp in Sources */,
				41E2CE881A51D39B00FC28DC /* glcontext.cpp in Sources */,
				41E2CE801A51D39B00FC28DC /* bounds.cpp in Sources */,
				41B776691A83EF3D008C8F23 /* mathObject.cpp in Sources */,
			);
			runOnlyForDeploymentPostprocessing = 0;
		};
/* End PBXSourcesBuildPhase section */

/* Begin PBXTargetDependency section */
		415A071A1AC9B5FC00D74D25 /* PBXTargetDependency */ = {
			isa = PBXTargetDependency;
			name = "libogg (static)";
			targetProxy = 415A07191AC9B5FC00D74D25 /* PBXContainerItemProxy */;
		};
		415A071C1AC9B60100D74D25 /* PBXTargetDependency */ = {
			isa = PBXTargetDependency;
			name = "libvorbis (static)";
			targetProxy = 415A071B1AC9B60100D74D25 /* PBXContainerItemProxy */;
		};
		415A071E1AC9B60400D74D25 /* PBXTargetDependency */ = {
			isa = PBXTargetDependency;
			name = "libvorbisfile (static)";
			targetProxy = 415A071D1AC9B60400D74D25 /* PBXContainerItemProxy */;
		};
		41B776531A83E828008C8F23 /* PBXTargetDependency */ = {
			isa = PBXTargetDependency;
			name = "angelscript OSX";
			targetProxy = 41B776521A83E828008C8F23 /* PBXContainerItemProxy */;
		};
		41E2CE9B1A51D3FB00FC28DC /* PBXTargetDependency */ = {
			isa = PBXTargetDependency;
			name = "mac-static-libpng";
			targetProxy = 41E2CE9A1A51D3FB00FC28DC /* PBXContainerItemProxy */;
		};
/* End PBXTargetDependency section */

/* Begin PBXVariantGroup section */
		41E2CE051A51CF2000FC28DC /* InfoPlist.strings */ = {
			isa = PBXVariantGroup;
			children = (
				41E2CE061A51CF2000FC28DC /* en */,
			);
			name = InfoPlist.strings;
			sourceTree = "<group>";
		};
		41E2CE0B1A51CF2000FC28DC /* Credits.rtf */ = {
			isa = PBXVariantGroup;
			children = (
				41E2CE0C1A51CF2000FC28DC /* en */,
			);
			name = Credits.rtf;
			sourceTree = "<group>";
		};
/* End PBXVariantGroup section */

/* Begin XCBuildConfiguration section */
		41E2CE281A51CF2100FC28DC /* Debug */ = {
			isa = XCBuildConfiguration;
			buildSettings = {
				ALWAYS_SEARCH_USER_PATHS = NO;
				CLANG_CXX_LANGUAGE_STANDARD = "gnu++0x";
				CLANG_CXX_LIBRARY = "libc++";
				CLANG_ENABLE_MODULES = YES;
				CLANG_ENABLE_OBJC_ARC = YES;
				CLANG_WARN_BOOL_CONVERSION = YES;
				CLANG_WARN_CONSTANT_CONVERSION = YES;
				CLANG_WARN_DIRECT_OBJC_ISA_USAGE = YES_ERROR;
				CLANG_WARN_EMPTY_BODY = YES;
				CLANG_WARN_ENUM_CONVERSION = YES;
				CLANG_WARN_INT_CONVERSION = YES;
				CLANG_WARN_OBJC_ROOT_CLASS = YES_ERROR;
				CLANG_WARN__DUPLICATE_METHOD_MATCH = YES;
				COPY_PHASE_STRIP = NO;
				GCC_C_LANGUAGE_STANDARD = gnu99;
				GCC_DYNAMIC_NO_PIC = NO;
				GCC_ENABLE_OBJC_EXCEPTIONS = YES;
				GCC_OPTIMIZATION_LEVEL = 0;
				GCC_PREPROCESSOR_DEFINITIONS = (
					"DEBUG=1",
					"$(inherited)",
				);
				GCC_SYMBOLS_PRIVATE_EXTERN = NO;
				GCC_WARN_64_TO_32_BIT_CONVERSION = YES;
				GCC_WARN_ABOUT_RETURN_TYPE = YES_ERROR;
				GCC_WARN_UNDECLARED_SELECTOR = YES;
				GCC_WARN_UNINITIALIZED_AUTOS = YES_AGGRESSIVE;
				GCC_WARN_UNUSED_FUNCTION = YES;
				GCC_WARN_UNUSED_VARIABLE = YES;
				MACOSX_DEPLOYMENT_TARGET = 10.9;
				ONLY_ACTIVE_ARCH = YES;
				SDKROOT = macosx;
			};
			name = Debug;
		};
		41E2CE291A51CF2100FC28DC /* Release */ = {
			isa = XCBuildConfiguration;
			buildSettings = {
				ALWAYS_SEARCH_USER_PATHS = NO;
				CLANG_CXX_LANGUAGE_STANDARD = "gnu++0x";
				CLANG_CXX_LIBRARY = "libc++";
				CLANG_ENABLE_MODULES = YES;
				CLANG_ENABLE_OBJC_ARC = YES;
				CLANG_WARN_BOOL_CONVERSION = YES;
				CLANG_WARN_CONSTANT_CONVERSION = YES;
				CLANG_WARN_DIRECT_OBJC_ISA_USAGE = YES_ERROR;
				CLANG_WARN_EMPTY_BODY = YES;
				CLANG_WARN_ENUM_CONVERSION = YES;
				CLANG_WARN_INT_CONVERSION = YES;
				CLANG_WARN_OBJC_ROOT_CLASS = YES_ERROR;
				CLANG_WARN__DUPLICATE_METHOD_MATCH = YES;
				COPY_PHASE_STRIP = YES;
				DEBUG_INFORMATION_FORMAT = "dwarf-with-dsym";
				ENABLE_NS_ASSERTIONS = NO;
				GCC_C_LANGUAGE_STANDARD = gnu99;
				GCC_ENABLE_OBJC_EXCEPTIONS = YES;
				GCC_WARN_64_TO_32_BIT_CONVERSION = YES;
				GCC_WARN_ABOUT_RETURN_TYPE = YES_ERROR;
				GCC_WARN_UNDECLARED_SELECTOR = YES;
				GCC_WARN_UNINITIALIZED_AUTOS = YES_AGGRESSIVE;
				GCC_WARN_UNUSED_FUNCTION = YES;
				GCC_WARN_UNUSED_VARIABLE = YES;
				MACOSX_DEPLOYMENT_TARGET = 10.9;
				SDKROOT = macosx;
			};
			name = Release;
		};
		41E2CE2B1A51CF2100FC28DC /* Debug */ = {
			isa = XCBuildConfiguration;
			buildSettings = {
				ASSETCATALOG_COMPILER_APPICON_NAME = AppIcon;
				CLANG_CXX_LANGUAGE_STANDARD = "c++0x";
				COMBINE_HIDPI_IMAGES = YES;
				FRAMEWORK_SEARCH_PATHS = (
					"$(PROJECT_DIR)",
					"$(USER_LIBRARY_DIR)/Frameworks",
				);
				GCC_C_LANGUAGE_STANDARD = c99;
				GCC_PRECOMPILE_PREFIX_HEADER = YES;
				GCC_PREFIX_HEADER = "anubis/anubis-Prefix.pch";
				GCC_WARN_64_TO_32_BIT_CONVERSION = NO;
				HEADER_SEARCH_PATHS = (
					"$(inherited)",
					/Applications/Xcode.app/Contents/Developer/Toolchains/XcodeDefault.xctoolchain/usr/include,
					"$(PROJECT_DIR)/OpenAL.framework/Versions/A/Headers",
					"$(PROJECT_DIR)/SDL2.framework/Headers",
					"$(PROJECT_DIR)/../lpng1612",
					/Applications/Xcode.app/Contents/Developer/Platforms/MacOSX.platform/Developer/SDKs/MacOSX10.9.sdk/System/Library/Frameworks/OpenAL.framework/Versions/A/Headers/,
					"$(PROJECT_DIR)/../angelscript/angelscript/include",
					"$(PROJECT_DIR)/../ogg/libogg/include",
					"$(PROJECT_DIR)/../ogg/libvorbis/include",
				);
				INFOPLIST_FILE = "anubis/anubis-Info.plist";
				LD_RUNPATH_SEARCH_PATHS = "@executable_path/ @executable_path/../Frameworks/";
				LIBRARY_SEARCH_PATHS = "$(inherited)";
				PRODUCT_NAME = "$(TARGET_NAME)";
				WRAPPER_EXTENSION = app;
			};
			name = Debug;
		};
		41E2CE2C1A51CF2100FC28DC /* Release */ = {
			isa = XCBuildConfiguration;
			buildSettings = {
				ASSETCATALOG_COMPILER_APPICON_NAME = AppIcon;
				CLANG_CXX_LANGUAGE_STANDARD = "c++0x";
				COMBINE_HIDPI_IMAGES = YES;
				FRAMEWORK_SEARCH_PATHS = (
					"$(PROJECT_DIR)",
					"$(USER_LIBRARY_DIR)/Frameworks",
				);
				GCC_C_LANGUAGE_STANDARD = c99;
				GCC_PRECOMPILE_PREFIX_HEADER = YES;
				GCC_PREFIX_HEADER = "anubis/anubis-Prefix.pch";
				GCC_WARN_64_TO_32_BIT_CONVERSION = NO;
				HEADER_SEARCH_PATHS = (
					"$(inherited)",
					/Applications/Xcode.app/Contents/Developer/Toolchains/XcodeDefault.xctoolchain/usr/include,
					"$(PROJECT_DIR)/OpenAL.framework/Versions/A/Headers",
					"$(PROJECT_DIR)/SDL2.framework/Headers",
					"$(PROJECT_DIR)/../lpng1612",
					/Applications/Xcode.app/Contents/Developer/Platforms/MacOSX.platform/Developer/SDKs/MacOSX10.9.sdk/System/Library/Frameworks/OpenAL.framework/Versions/A/Headers/,
					"$(PROJECT_DIR)/../angelscript/angelscript/include",
					"$(PROJECT_DIR)/../ogg/libogg/include",
					"$(PROJECT_DIR)/../ogg/libvorbis/include",
				);
				INFOPLIST_FILE = "anubis/anubis-Info.plist";
				LD_RUNPATH_SEARCH_PATHS = "@executable_path/ @executable_path/../Frameworks/";
				LIBRARY_SEARCH_PATHS = "$(inherited)";
				PRODUCT_NAME = "$(TARGET_NAME)";
				WRAPPER_EXTENSION = app;
			};
			name = Release;
		};
/* End XCBuildConfiguration section */

/* Begin XCConfigurationList section */
		41E2CDF41A51CF2000FC28DC /* Build configuration list for PBXProject "anubis" */ = {
			isa = XCConfigurationList;
			buildConfigurations = (
				41E2CE281A51CF2100FC28DC /* Debug */,
				41E2CE291A51CF2100FC28DC /* Release */,
			);
			defaultConfigurationIsVisible = 0;
			defaultConfigurationName = Release;
		};
		41E2CE2A1A51CF2100FC28DC /* Build configuration list for PBXNativeTarget "anubis" */ = {
			isa = XCConfigurationList;
			buildConfigurations = (
				41E2CE2B1A51CF2100FC28DC /* Debug */,
				41E2CE2C1A51CF2100FC28DC /* Release */,
			);
			defaultConfigurationIsVisible = 0;
			defaultConfigurationName = Release;
		};
/* End XCConfigurationList section */
	};
	rootObject = 41E2CDF11A51CF2000FC28DC /* Project object */;
}
