
Microsoft Visual Studio Solution File, Format Version 10.00
# Visual Studio 2008
Project("{8BC9CEB8-8B4A-11D0-8D11-00A0C91BC942}") = "anubis", "anubis.vcproj", "{E03DB130-B4EC-461E-9803-002671191F58}"
	ProjectSection(ProjectDependencies) = postProject
		{39E6AF97-6BA3-4A72-8C61-BCEBF214EBFD} = {39E6AF97-6BA3-4A72-8C61-BCEBF214EBFD}
	EndProjectSection
EndProject
Project("{8BC9CEB8-8B4A-11D0-8D11-00A0C91BC942}") = "angelscript", "..\angelscript\angelscript\projects\msvc9\angelscript.vcproj", "{39E6AF97-6BA3-4A72-8C61-BCEBF214EBFD}"
EndProject
Global
	GlobalSection(SolutionConfigurationPlatforms) = preSolution
		Debug|Win32 = Debug|Win32
		Release|Win32 = Release|Win32
	EndGlobalSection
	GlobalSection(ProjectConfigurationPlatforms) = postSolution
		{E03DB130-B4EC-461E-9803-002671191F58}.Debug|Win32.ActiveCfg = Debug|Win32
		{E03DB130-B4EC-461E-9803-002671191F58}.Debug|Win32.Build.0 = Debug|Win32
		{E03DB130-B4EC-461E-9803-002671191F58}.Release|Win32.ActiveCfg = Release|Win32
		{E03DB130-B4EC-461E-9803-002671191F58}.Release|Win32.Build.0 = Release|Win32
		{39E6AF97-6BA3-4A72-8C61-BCEBF214EBFD}.Debug|Win32.ActiveCfg = Debug|Win32
		{39E6AF97-6BA3-4A72-8C61-BCEBF214EBFD}.Debug|Win32.Build.0 = Debug|Win32
		{39E6AF97-6BA3-4A72-8C61-BCEBF214EBFD}.Release|Win32.ActiveCfg = Release|Win32
		{39E6AF97-6BA3-4A72-8C61-BCEBF214EBFD}.Release|Win32.Build.0 = Release|Win32
	EndGlobalSection
	GlobalSection(SolutionProperties) = preSolution
		HideSolutionNode = FALSE
	EndGlobalSection
EndGlobal
